// !$*UTF8*$!
{
	archiveVersion = 1;
	classes = {
	};
	objectVersion = 46;
	objects = {

/* Begin PBXBuildFile section */
		5AA9C8E1A3C61F05F433C749 /* libPods-JKDemo.a in Frameworks */ = {isa = PBXBuildFile; fileRef = 397CF007D149EEDBBCFC6177 /* libPods-JKDemo.a */; };
		9B0A61481E0004F1004392B4 /* PeripheralViewController.m in Sources */ = {isa = PBXBuildFile; fileRef = 9B0A61471E0004F1004392B4 /* PeripheralViewController.m */; };
		9B0A61571E00EA97004392B4 /* DMPeripheral.m in Sources */ = {isa = PBXBuildFile; fileRef = 9B0A61561E00EA97004392B4 /* DMPeripheral.m */; };
		9B0A615A1E014105004392B4 /* DMWristBandManager.m in Sources */ = {isa = PBXBuildFile; fileRef = 9B0A61591E014105004392B4 /* DMWristBandManager.m */; };
		9B0A615E1E023C17004392B4 /* JKSearchResultController.m in Sources */ = {isa = PBXBuildFile; fileRef = 9B0A615D1E023C17004392B4 /* JKSearchResultController.m */; };
		9B0A61611E02452F004392B4 /* JKSearchController.m in Sources */ = {isa = PBXBuildFile; fileRef = 9B0A61601E02452F004392B4 /* JKSearchController.m */; };
		9B0A618B1E03E036004392B4 /* JKSplashViewController.m in Sources */ = {isa = PBXBuildFile; fileRef = 9B0A618A1E03E036004392B4 /* JKSplashViewController.m */; };
		9B0A618E1E03E661004392B4 /* UIButton+Tencent.m in Sources */ = {isa = PBXBuildFile; fileRef = 9B0A618D1E03E661004392B4 /* UIButton+Tencent.m */; };
		9B0D51891DF6D94F005C9893 /* JKDemoTests.m in Sources */ = {isa = PBXBuildFile; fileRef = 9B0D51881DF6D94F005C9893 /* JKDemoTests.m */; };
		9B0D519A1DF6DC81005C9893 /* JKAppDelegate.m in Sources */ = {isa = PBXBuildFile; fileRef = 9B0D51991DF6DC81005C9893 /* JKAppDelegate.m */; };
		9B0D519E1DF6DC92005C9893 /* main.m in Sources */ = {isa = PBXBuildFile; fileRef = 9B0D519C1DF6DC92005C9893 /* main.m */; };
		9B0D51A01DF6DC9F005C9893 /* Images.xcassets in Resources */ = {isa = PBXBuildFile; fileRef = 9B0D519F1DF6DC9F005C9893 /* Images.xcassets */; };
		9B0D51AA1DF6E0FF005C9893 /* JKLoginViewController.m in Sources */ = {isa = PBXBuildFile; fileRef = 9B0D51A91DF6E0FF005C9893 /* JKLoginViewController.m */; };
		9B0D51B01DF6E3F0005C9893 /* JKBaseViewController.m in Sources */ = {isa = PBXBuildFile; fileRef = 9B0D51AF1DF6E3F0005C9893 /* JKBaseViewController.m */; };
		9B0D51B51DF6E97F005C9893 /* login_bg.jpg in Resources */ = {isa = PBXBuildFile; fileRef = 9B0D51B41DF6E97F005C9893 /* login_bg.jpg */; };
		9B0D52FC1DF82B94005C9893 /* MBProgressHUD+Tencent.m in Sources */ = {isa = PBXBuildFile; fileRef = 9B0D52FB1DF82B94005C9893 /* MBProgressHUD+Tencent.m */; };
		9B0D52FF1DF82DDC005C9893 /* UIView+Tencent.m in Sources */ = {isa = PBXBuildFile; fileRef = 9B0D52FE1DF82DDC005C9893 /* UIView+Tencent.m */; };
		9B0D53111DF837BA005C9893 /* JKAppDelegate+MainUI.m in Sources */ = {isa = PBXBuildFile; fileRef = 9B0D53101DF837BA005C9893 /* JKAppDelegate+MainUI.m */; };
		9B0D53141DF83900005C9893 /* JKBaseNavigationViewController.m in Sources */ = {isa = PBXBuildFile; fileRef = 9B0D53131DF83900005C9893 /* JKBaseNavigationViewController.m */; };
		9B0D53171DF83A61005C9893 /* JKTabBarController.m in Sources */ = {isa = PBXBuildFile; fileRef = 9B0D53161DF83A61005C9893 /* JKTabBarController.m */; };
		9B0D532C1DF8F3E1005C9893 /* tabbar_icon_at@2x.png in Resources */ = {isa = PBXBuildFile; fileRef = 9B0D53241DF8F3E1005C9893 /* tabbar_icon_at@2x.png */; };
		9B0D532D1DF8F3E1005C9893 /* tabbar_icon_at_click@2x.png in Resources */ = {isa = PBXBuildFile; fileRef = 9B0D53251DF8F3E1005C9893 /* tabbar_icon_at_click@2x.png */; };
		9B0D532E1DF8F3E1005C9893 /* tabbar_icon_auth@2x.png in Resources */ = {isa = PBXBuildFile; fileRef = 9B0D53261DF8F3E1005C9893 /* tabbar_icon_auth@2x.png */; };
		9B0D532F1DF8F3E1005C9893 /* tabbar_icon_auth_click@2x.png in Resources */ = {isa = PBXBuildFile; fileRef = 9B0D53271DF8F3E1005C9893 /* tabbar_icon_auth_click@2x.png */; };
		9B0D53301DF8F3E1005C9893 /* tabbar_icon_more@2x.png in Resources */ = {isa = PBXBuildFile; fileRef = 9B0D53281DF8F3E1005C9893 /* tabbar_icon_more@2x.png */; };
		9B0D53311DF8F3E1005C9893 /* tabbar_icon_more_click@2x.png in Resources */ = {isa = PBXBuildFile; fileRef = 9B0D53291DF8F3E1005C9893 /* tabbar_icon_more_click@2x.png */; };
		9B0D53321DF8F3E1005C9893 /* tabbar_icon_space@2x.png in Resources */ = {isa = PBXBuildFile; fileRef = 9B0D532A1DF8F3E1005C9893 /* tabbar_icon_space@2x.png */; };
		9B0D53331DF8F3E1005C9893 /* tabbar_icon_space_click@2x.png in Resources */ = {isa = PBXBuildFile; fileRef = 9B0D532B1DF8F3E1005C9893 /* tabbar_icon_space_click@2x.png */; };
		9B0D53361DF8F90E005C9893 /* JKDemoViewController.m in Sources */ = {isa = PBXBuildFile; fileRef = 9B0D53351DF8F90E005C9893 /* JKDemoViewController.m */; };
		9B0D533A1DF904E2005C9893 /* JKTableViewCell.m in Sources */ = {isa = PBXBuildFile; fileRef = 9B0D53391DF904E2005C9893 /* JKTableViewCell.m */; };
		9B0D533D1DF90650005C9893 /* UIImage+Tencent.m in Sources */ = {isa = PBXBuildFile; fileRef = 9B0D533C1DF90650005C9893 /* UIImage+Tencent.m */; };
		9B0D53401DF936DC005C9893 /* JKFirstViewController.m in Sources */ = {isa = PBXBuildFile; fileRef = 9B0D533F1DF936DC005C9893 /* JKFirstViewController.m */; };
		9B0D53431DF9373F005C9893 /* JKFindViewController.m in Sources */ = {isa = PBXBuildFile; fileRef = 9B0D53421DF9373F005C9893 /* JKFindViewController.m */; };
		9B0D53461DF93759005C9893 /* JKMoreViewController.m in Sources */ = {isa = PBXBuildFile; fileRef = 9B0D53451DF93759005C9893 /* JKMoreViewController.m */; };
		9B0D53491DF93AF3005C9893 /* UIViewController+Tencent.m in Sources */ = {isa = PBXBuildFile; fileRef = 9B0D53481DF93AF3005C9893 /* UIViewController+Tencent.m */; };
		9B0D534C1DF93C1E005C9893 /* UINavigationController+Tencent.m in Sources */ = {isa = PBXBuildFile; fileRef = 9B0D534B1DF93C1E005C9893 /* UINavigationController+Tencent.m */; };
		9B0D53501DF93F18005C9893 /* ImageCollectViewController.m in Sources */ = {isa = PBXBuildFile; fileRef = 9B0D534F1DF93F18005C9893 /* ImageCollectViewController.m */; };
		9B0D53531DF98A4C005C9893 /* DMNumberPickerView.m in Sources */ = {isa = PBXBuildFile; fileRef = 9B0D53521DF98A4C005C9893 /* DMNumberPickerView.m */; };
		9B0D53561DF98BD9005C9893 /* UILabel+Tencent.m in Sources */ = {isa = PBXBuildFile; fileRef = 9B0D53551DF98BD9005C9893 /* UILabel+Tencent.m */; };
		9B0D53651DFA4F9D005C9893 /* NSThread+Qstack.m in Sources */ = {isa = PBXBuildFile; fileRef = 9B0D53641DFA4F9D005C9893 /* NSThread+Qstack.m */; };
		9B0D543B1DFA7EE8005C9893 /* JKReadWriteLock.m in Sources */ = {isa = PBXBuildFile; fileRef = 9B0D543A1DFA7EE8005C9893 /* JKReadWriteLock.m */; };
		9B0D543F1DFA8B7E005C9893 /* JKAnimationViewController.m in Sources */ = {isa = PBXBuildFile; fileRef = 9B0D543E1DFA8B7E005C9893 /* JKAnimationViewController.m */; };
		9B0D54431DFAA384005C9893 /* JKRunTrackView.m in Sources */ = {isa = PBXBuildFile; fileRef = 9B0D54421DFAA384005C9893 /* JKRunTrackView.m */; };
		9B0D54461DFAA97C005C9893 /* JKEllipseView.m in Sources */ = {isa = PBXBuildFile; fileRef = 9B0D54451DFAA97C005C9893 /* JKEllipseView.m */; };
		9B0D54491DFAAAF0005C9893 /* JKEllipseLineView.m in Sources */ = {isa = PBXBuildFile; fileRef = 9B0D54481DFAAAF0005C9893 /* JKEllipseLineView.m */; };
		9B0D544C1DFAACD5005C9893 /* DMScanCircleView.m in Sources */ = {isa = PBXBuildFile; fileRef = 9B0D544B1DFAACD5005C9893 /* DMScanCircleView.m */; };
		9B46A0BD1E0D4E6B00318777 /* JKRunBall.m in Sources */ = {isa = PBXBuildFile; fileRef = 9B46A0BC1E0D4E6B00318777 /* JKRunBall.m */; };
		9B46A0C01E0E4BD300318777 /* JKCirclingBall.m in Sources */ = {isa = PBXBuildFile; fileRef = 9B46A0BF1E0E4BD300318777 /* JKCirclingBall.m */; };
		9B46A0DD1E1124EE00318777 /* JKPlayBall.m in Sources */ = {isa = PBXBuildFile; fileRef = 9B46A0DC1E1124EE00318777 /* JKPlayBall.m */; };
		9B6BCE091E2E11DA006E49AA /* JKVideoViewController.m in Sources */ = {isa = PBXBuildFile; fileRef = 9B6BCE081E2E11DA006E49AA /* JKVideoViewController.m */; };
		9B6BCE0D1E2E146D006E49AA /* JKVideoView.m in Sources */ = {isa = PBXBuildFile; fileRef = 9B6BCE0B1E2E146D006E49AA /* JKVideoView.m */; };
		9B72F1A31DFE517C00B92A8A /* DMPullToRefreshControl.m in Sources */ = {isa = PBXBuildFile; fileRef = 9B72F1A01DFE517C00B92A8A /* DMPullToRefreshControl.m */; };
		9B72F1A41DFE517C00B92A8A /* WCGraintCircleLayer.m in Sources */ = {isa = PBXBuildFile; fileRef = 9B72F1A21DFE517C00B92A8A /* WCGraintCircleLayer.m */; };
		9B72F1A71DFE885700B92A8A /* DrawerViewController.m in Sources */ = {isa = PBXBuildFile; fileRef = 9B72F1A61DFE885700B92A8A /* DrawerViewController.m */; };
		9B72F1AA1DFECBB200B92A8A /* JKFPSCount.m in Sources */ = {isa = PBXBuildFile; fileRef = 9B72F1A91DFECBB200B92A8A /* JKFPSCount.m */; };
		9B72F1AD1DFED0E700B92A8A /* JKAssitPointView.m in Sources */ = {isa = PBXBuildFile; fileRef = 9B72F1AC1DFED0E700B92A8A /* JKAssitPointView.m */; };
		9B72F1B01DFF99AC00B92A8A /* MainThreadWatchdog.m in Sources */ = {isa = PBXBuildFile; fileRef = 9B72F1AF1DFF99AC00B92A8A /* MainThreadWatchdog.m */; };
		9B72F1BA1DFFF36300B92A8A /* DMBLECentralManager.m in Sources */ = {isa = PBXBuildFile; fileRef = 9B72F1B91DFFF36300B92A8A /* DMBLECentralManager.m */; };
		9B72F1BD1DFFF38500B92A8A /* PeriListViewController.m in Sources */ = {isa = PBXBuildFile; fileRef = 9B72F1BC1DFFF38500B92A8A /* PeriListViewController.m */; };
		9BE2E3101E08D66E00FF8BE9 /* DMWristBandUserData.m in Sources */ = {isa = PBXBuildFile; fileRef = 9BE2E30F1E08D66E00FF8BE9 /* DMWristBandUserData.m */; };
		9BE2E3131E090CB300FF8BE9 /* NSDate+WristBand.m in Sources */ = {isa = PBXBuildFile; fileRef = 9BE2E3121E090CB300FF8BE9 /* NSDate+WristBand.m */; };
		9BE2E3161E09191100FF8BE9 /* DMWristBandMeasureData.m in Sources */ = {isa = PBXBuildFile; fileRef = 9BE2E3151E09191100FF8BE9 /* DMWristBandMeasureData.m */; };
/* End PBXBuildFile section */

/* Begin PBXContainerItemProxy section */
		9B0D51851DF6D94F005C9893 /* PBXContainerItemProxy */ = {
			isa = PBXContainerItemProxy;
			containerPortal = 9B0D51631DF6D94E005C9893 /* Project object */;
			proxyType = 1;
			remoteGlobalIDString = 9B0D516A1DF6D94F005C9893;
			remoteInfo = JKDemo;
		};
/* End PBXContainerItemProxy section */

/* Begin PBXFileReference section */
		397CF007D149EEDBBCFC6177 /* libPods-JKDemo.a */ = {isa = PBXFileReference; explicitFileType = archive.ar; includeInIndex = 0; path = "libPods-JKDemo.a"; sourceTree = BUILT_PRODUCTS_DIR; };
		7BD20A37E1E2DE7703C6F07E /* Pods-JKDemo.debug.xcconfig */ = {isa = PBXFileReference; includeInIndex = 1; lastKnownFileType = text.xcconfig; name = "Pods-JKDemo.debug.xcconfig"; path = "Pods/Target Support Files/Pods-JKDemo/Pods-JKDemo.debug.xcconfig"; sourceTree = "<group>"; };
		8CD1F4A941E6DA2D10A7AF1D /* Pods-JKDemo.release.xcconfig */ = {isa = PBXFileReference; includeInIndex = 1; lastKnownFileType = text.xcconfig; name = "Pods-JKDemo.release.xcconfig"; path = "Pods/Target Support Files/Pods-JKDemo/Pods-JKDemo.release.xcconfig"; sourceTree = "<group>"; };
		9B0A61461E0004F1004392B4 /* PeripheralViewController.h */ = {isa = PBXFileReference; fileEncoding = 4; lastKnownFileType = sourcecode.c.h; name = PeripheralViewController.h; path = Classes/ViewControllers/BLE/PeripheralViewController.h; sourceTree = "<group>"; };
		9B0A61471E0004F1004392B4 /* PeripheralViewController.m */ = {isa = PBXFileReference; fileEncoding = 4; lastKnownFileType = sourcecode.c.objc; name = PeripheralViewController.m; path = Classes/ViewControllers/BLE/PeripheralViewController.m; sourceTree = "<group>"; };
		9B0A61551E00EA97004392B4 /* DMPeripheral.h */ = {isa = PBXFileReference; fileEncoding = 4; lastKnownFileType = sourcecode.c.h; name = DMPeripheral.h; path = Classes/Models/BLE/DMPeripheral.h; sourceTree = "<group>"; };
		9B0A61561E00EA97004392B4 /* DMPeripheral.m */ = {isa = PBXFileReference; fileEncoding = 4; lastKnownFileType = sourcecode.c.objc; name = DMPeripheral.m; path = Classes/Models/BLE/DMPeripheral.m; sourceTree = "<group>"; };
		9B0A61581E014105004392B4 /* DMWristBandManager.h */ = {isa = PBXFileReference; fileEncoding = 4; lastKnownFileType = sourcecode.c.h; name = DMWristBandManager.h; path = Classes/Manager/BLE/DMWristBandManager.h; sourceTree = "<group>"; };
		9B0A61591E014105004392B4 /* DMWristBandManager.m */ = {isa = PBXFileReference; fileEncoding = 4; lastKnownFileType = sourcecode.c.objc; name = DMWristBandManager.m; path = Classes/Manager/BLE/DMWristBandManager.m; sourceTree = "<group>"; };
		9B0A615C1E023C17004392B4 /* JKSearchResultController.h */ = {isa = PBXFileReference; fileEncoding = 4; lastKnownFileType = sourcecode.c.h; name = JKSearchResultController.h; path = Classes/ViewControllers/Search/JKSearchResultController.h; sourceTree = "<group>"; };
		9B0A615D1E023C17004392B4 /* JKSearchResultController.m */ = {isa = PBXFileReference; fileEncoding = 4; lastKnownFileType = sourcecode.c.objc; name = JKSearchResultController.m; path = Classes/ViewControllers/Search/JKSearchResultController.m; sourceTree = "<group>"; };
		9B0A615F1E02452F004392B4 /* JKSearchController.h */ = {isa = PBXFileReference; fileEncoding = 4; lastKnownFileType = sourcecode.c.h; name = JKSearchController.h; path = Classes/ViewControllers/Search/JKSearchController.h; sourceTree = "<group>"; };
		9B0A61601E02452F004392B4 /* JKSearchController.m */ = {isa = PBXFileReference; fileEncoding = 4; lastKnownFileType = sourcecode.c.objc; name = JKSearchController.m; path = Classes/ViewControllers/Search/JKSearchController.m; sourceTree = "<group>"; };
		9B0A61891E03E036004392B4 /* JKSplashViewController.h */ = {isa = PBXFileReference; fileEncoding = 4; lastKnownFileType = sourcecode.c.h; name = JKSplashViewController.h; path = Classes/ViewControllers/Splash/JKSplashViewController.h; sourceTree = "<group>"; };
		9B0A618A1E03E036004392B4 /* JKSplashViewController.m */ = {isa = PBXFileReference; fileEncoding = 4; lastKnownFileType = sourcecode.c.objc; name = JKSplashViewController.m; path = Classes/ViewControllers/Splash/JKSplashViewController.m; sourceTree = "<group>"; };
		9B0A618C1E03E661004392B4 /* UIButton+Tencent.h */ = {isa = PBXFileReference; fileEncoding = 4; lastKnownFileType = sourcecode.c.h; name = "UIButton+Tencent.h"; path = "Classes/Additions/UIButton+Tencent.h"; sourceTree = "<group>"; };
		9B0A618D1E03E661004392B4 /* UIButton+Tencent.m */ = {isa = PBXFileReference; fileEncoding = 4; lastKnownFileType = sourcecode.c.objc; name = "UIButton+Tencent.m"; path = "Classes/Additions/UIButton+Tencent.m"; sourceTree = "<group>"; };
		9B0D516B1DF6D94F005C9893 /* JKDemo.app */ = {isa = PBXFileReference; explicitFileType = wrapper.application; includeInIndex = 0; path = JKDemo.app; sourceTree = BUILT_PRODUCTS_DIR; };
		9B0D51841DF6D94F005C9893 /* JKDemoTests.xctest */ = {isa = PBXFileReference; explicitFileType = wrapper.cfbundle; includeInIndex = 0; path = JKDemoTests.xctest; sourceTree = BUILT_PRODUCTS_DIR; };
		9B0D51881DF6D94F005C9893 /* JKDemoTests.m */ = {isa = PBXFileReference; lastKnownFileType = sourcecode.c.objc; path = JKDemoTests.m; sourceTree = "<group>"; };
		9B0D518A1DF6D94F005C9893 /* Info.plist */ = {isa = PBXFileReference; lastKnownFileType = text.plist.xml; path = Info.plist; sourceTree = "<group>"; };
		9B0D51981DF6DC81005C9893 /* JKAppDelegate.h */ = {isa = PBXFileReference; fileEncoding = 4; lastKnownFileType = sourcecode.c.h; name = JKAppDelegate.h; path = Classes/Application/JKAppDelegate.h; sourceTree = "<group>"; };
		9B0D51991DF6DC81005C9893 /* JKAppDelegate.m */ = {isa = PBXFileReference; fileEncoding = 4; lastKnownFileType = sourcecode.c.objc; name = JKAppDelegate.m; path = Classes/Application/JKAppDelegate.m; sourceTree = "<group>"; };
		9B0D519C1DF6DC92005C9893 /* main.m */ = {isa = PBXFileReference; fileEncoding = 4; lastKnownFileType = sourcecode.c.objc; name = main.m; path = "Other sources/main.m"; sourceTree = "<group>"; };
		9B0D519F1DF6DC9F005C9893 /* Images.xcassets */ = {isa = PBXFileReference; lastKnownFileType = folder.assetcatalog; name = Images.xcassets; path = Resources/Images.xcassets; sourceTree = "<group>"; };
		9B0D51A71DF6DFFF005C9893 /* JKDemo-Prefix.pch */ = {isa = PBXFileReference; lastKnownFileType = sourcecode.c.h; name = "JKDemo-Prefix.pch"; path = "Other sources/JKDemo-Prefix.pch"; sourceTree = "<group>"; };
		9B0D51A81DF6E0FF005C9893 /* JKLoginViewController.h */ = {isa = PBXFileReference; fileEncoding = 4; lastKnownFileType = sourcecode.c.h; name = JKLoginViewController.h; path = Classes/ViewControllers/Login/JKLoginViewController.h; sourceTree = "<group>"; };
		9B0D51A91DF6E0FF005C9893 /* JKLoginViewController.m */ = {isa = PBXFileReference; fileEncoding = 4; lastKnownFileType = sourcecode.c.objc; name = JKLoginViewController.m; path = Classes/ViewControllers/Login/JKLoginViewController.m; sourceTree = "<group>"; };
		9B0D51AC1DF6E277005C9893 /* JKCommonMacros.h */ = {isa = PBXFileReference; lastKnownFileType = sourcecode.c.h; name = JKCommonMacros.h; path = Classes/Consts/JKCommonMacros.h; sourceTree = "<group>"; };
		9B0D51AE1DF6E3F0005C9893 /* JKBaseViewController.h */ = {isa = PBXFileReference; fileEncoding = 4; lastKnownFileType = sourcecode.c.h; name = JKBaseViewController.h; path = Classes/ViewControllers/Common/JKBaseViewController.h; sourceTree = "<group>"; };
		9B0D51AF1DF6E3F0005C9893 /* JKBaseViewController.m */ = {isa = PBXFileReference; fileEncoding = 4; lastKnownFileType = sourcecode.c.objc; name = JKBaseViewController.m; path = Classes/ViewControllers/Common/JKBaseViewController.m; sourceTree = "<group>"; };
		9B0D51B11DF6E488005C9893 /* JKViewConsts.h */ = {isa = PBXFileReference; lastKnownFileType = sourcecode.c.h; name = JKViewConsts.h; path = Classes/Consts/JKViewConsts.h; sourceTree = "<group>"; };
		9B0D51B41DF6E97F005C9893 /* login_bg.jpg */ = {isa = PBXFileReference; lastKnownFileType = image.jpeg; name = login_bg.jpg; path = Resources/Images/Login/login_bg.jpg; sourceTree = "<group>"; };
		9B0D51B61DF7A5E4005C9893 /* Info.plist */ = {isa = PBXFileReference; fileEncoding = 4; lastKnownFileType = text.plist.xml; name = Info.plist; path = "Other sources/Info.plist"; sourceTree = "<group>"; };
		9B0D52FA1DF82B94005C9893 /* MBProgressHUD+Tencent.h */ = {isa = PBXFileReference; fileEncoding = 4; lastKnownFileType = sourcecode.c.h; name = "MBProgressHUD+Tencent.h"; path = "Classes/Additions/MBProgressHUD+Tencent.h"; sourceTree = "<group>"; };
		9B0D52FB1DF82B94005C9893 /* MBProgressHUD+Tencent.m */ = {isa = PBXFileReference; fileEncoding = 4; lastKnownFileType = sourcecode.c.objc; name = "MBProgressHUD+Tencent.m"; path = "Classes/Additions/MBProgressHUD+Tencent.m"; sourceTree = "<group>"; };
		9B0D52FD1DF82DDC005C9893 /* UIView+Tencent.h */ = {isa = PBXFileReference; fileEncoding = 4; lastKnownFileType = sourcecode.c.h; name = "UIView+Tencent.h"; path = "Classes/Additions/UIView+Tencent.h"; sourceTree = "<group>"; };
		9B0D52FE1DF82DDC005C9893 /* UIView+Tencent.m */ = {isa = PBXFileReference; fileEncoding = 4; lastKnownFileType = sourcecode.c.objc; name = "UIView+Tencent.m"; path = "Classes/Additions/UIView+Tencent.m"; sourceTree = "<group>"; };
		9B0D53001DF82DE8005C9893 /* TencentAdditions.h */ = {isa = PBXFileReference; lastKnownFileType = sourcecode.c.h; name = TencentAdditions.h; path = Classes/Additions/TencentAdditions.h; sourceTree = "<group>"; };
		9B0D530F1DF837BA005C9893 /* JKAppDelegate+MainUI.h */ = {isa = PBXFileReference; fileEncoding = 4; lastKnownFileType = sourcecode.c.h; name = "JKAppDelegate+MainUI.h"; path = "Classes/Application/JKAppDelegate+MainUI.h"; sourceTree = "<group>"; };
		9B0D53101DF837BA005C9893 /* JKAppDelegate+MainUI.m */ = {isa = PBXFileReference; fileEncoding = 4; lastKnownFileType = sourcecode.c.objc; name = "JKAppDelegate+MainUI.m"; path = "Classes/Application/JKAppDelegate+MainUI.m"; sourceTree = "<group>"; };
		9B0D53121DF83900005C9893 /* JKBaseNavigationViewController.h */ = {isa = PBXFileReference; fileEncoding = 4; lastKnownFileType = sourcecode.c.h; name = JKBaseNavigationViewController.h; path = Classes/ViewControllers/Common/JKBaseNavigationViewController.h; sourceTree = "<group>"; };
		9B0D53131DF83900005C9893 /* JKBaseNavigationViewController.m */ = {isa = PBXFileReference; fileEncoding = 4; lastKnownFileType = sourcecode.c.objc; name = JKBaseNavigationViewController.m; path = Classes/ViewControllers/Common/JKBaseNavigationViewController.m; sourceTree = "<group>"; };
		9B0D53151DF83A61005C9893 /* JKTabBarController.h */ = {isa = PBXFileReference; fileEncoding = 4; lastKnownFileType = sourcecode.c.h; name = JKTabBarController.h; path = Classes/ViewControllers/Common/JKTabBarController.h; sourceTree = "<group>"; };
		9B0D53161DF83A61005C9893 /* JKTabBarController.m */ = {isa = PBXFileReference; fileEncoding = 4; lastKnownFileType = sourcecode.c.objc; name = JKTabBarController.m; path = Classes/ViewControllers/Common/JKTabBarController.m; sourceTree = "<group>"; };
		9B0D53241DF8F3E1005C9893 /* tabbar_icon_at@2x.png */ = {isa = PBXFileReference; lastKnownFileType = image.png; path = "tabbar_icon_at@2x.png"; sourceTree = "<group>"; };
		9B0D53251DF8F3E1005C9893 /* tabbar_icon_at_click@2x.png */ = {isa = PBXFileReference; lastKnownFileType = image.png; path = "tabbar_icon_at_click@2x.png"; sourceTree = "<group>"; };
		9B0D53261DF8F3E1005C9893 /* tabbar_icon_auth@2x.png */ = {isa = PBXFileReference; lastKnownFileType = image.png; path = "tabbar_icon_auth@2x.png"; sourceTree = "<group>"; };
		9B0D53271DF8F3E1005C9893 /* tabbar_icon_auth_click@2x.png */ = {isa = PBXFileReference; lastKnownFileType = image.png; path = "tabbar_icon_auth_click@2x.png"; sourceTree = "<group>"; };
		9B0D53281DF8F3E1005C9893 /* tabbar_icon_more@2x.png */ = {isa = PBXFileReference; lastKnownFileType = image.png; path = "tabbar_icon_more@2x.png"; sourceTree = "<group>"; };
		9B0D53291DF8F3E1005C9893 /* tabbar_icon_more_click@2x.png */ = {isa = PBXFileReference; lastKnownFileType = image.png; path = "tabbar_icon_more_click@2x.png"; sourceTree = "<group>"; };
		9B0D532A1DF8F3E1005C9893 /* tabbar_icon_space@2x.png */ = {isa = PBXFileReference; lastKnownFileType = image.png; path = "tabbar_icon_space@2x.png"; sourceTree = "<group>"; };
		9B0D532B1DF8F3E1005C9893 /* tabbar_icon_space_click@2x.png */ = {isa = PBXFileReference; lastKnownFileType = image.png; path = "tabbar_icon_space_click@2x.png"; sourceTree = "<group>"; };
		9B0D53341DF8F90E005C9893 /* JKDemoViewController.h */ = {isa = PBXFileReference; fileEncoding = 4; lastKnownFileType = sourcecode.c.h; name = JKDemoViewController.h; path = Classes/ViewControllers/RootVc/JKDemoViewController.h; sourceTree = "<group>"; };
		9B0D53351DF8F90E005C9893 /* JKDemoViewController.m */ = {isa = PBXFileReference; fileEncoding = 4; lastKnownFileType = sourcecode.c.objc; name = JKDemoViewController.m; path = Classes/ViewControllers/RootVc/JKDemoViewController.m; sourceTree = "<group>"; };
		9B0D53381DF904E2005C9893 /* JKTableViewCell.h */ = {isa = PBXFileReference; fileEncoding = 4; lastKnownFileType = sourcecode.c.h; name = JKTableViewCell.h; path = Classes/Views/Common/JKTableViewCell.h; sourceTree = "<group>"; };
		9B0D53391DF904E2005C9893 /* JKTableViewCell.m */ = {isa = PBXFileReference; fileEncoding = 4; lastKnownFileType = sourcecode.c.objc; name = JKTableViewCell.m; path = Classes/Views/Common/JKTableViewCell.m; sourceTree = "<group>"; };
		9B0D533B1DF90650005C9893 /* UIImage+Tencent.h */ = {isa = PBXFileReference; fileEncoding = 4; lastKnownFileType = sourcecode.c.h; name = "UIImage+Tencent.h"; path = "Classes/Additions/UIImage+Tencent.h"; sourceTree = "<group>"; };
		9B0D533C1DF90650005C9893 /* UIImage+Tencent.m */ = {isa = PBXFileReference; fileEncoding = 4; lastKnownFileType = sourcecode.c.objc; name = "UIImage+Tencent.m"; path = "Classes/Additions/UIImage+Tencent.m"; sourceTree = "<group>"; };
		9B0D533E1DF936DC005C9893 /* JKFirstViewController.h */ = {isa = PBXFileReference; fileEncoding = 4; lastKnownFileType = sourcecode.c.h; name = JKFirstViewController.h; path = Classes/ViewControllers/RootVc/JKFirstViewController.h; sourceTree = "<group>"; };
		9B0D533F1DF936DC005C9893 /* JKFirstViewController.m */ = {isa = PBXFileReference; fileEncoding = 4; lastKnownFileType = sourcecode.c.objc; name = JKFirstViewController.m; path = Classes/ViewControllers/RootVc/JKFirstViewController.m; sourceTree = "<group>"; };
		9B0D53411DF9373F005C9893 /* JKFindViewController.h */ = {isa = PBXFileReference; fileEncoding = 4; lastKnownFileType = sourcecode.c.h; name = JKFindViewController.h; path = Classes/ViewControllers/RootVc/JKFindViewController.h; sourceTree = "<group>"; };
		9B0D53421DF9373F005C9893 /* JKFindViewController.m */ = {isa = PBXFileReference; fileEncoding = 4; lastKnownFileType = sourcecode.c.objc; name = JKFindViewController.m; path = Classes/ViewControllers/RootVc/JKFindViewController.m; sourceTree = "<group>"; };
		9B0D53441DF93759005C9893 /* JKMoreViewController.h */ = {isa = PBXFileReference; fileEncoding = 4; lastKnownFileType = sourcecode.c.h; name = JKMoreViewController.h; path = Classes/ViewControllers/RootVc/JKMoreViewController.h; sourceTree = "<group>"; };
		9B0D53451DF93759005C9893 /* JKMoreViewController.m */ = {isa = PBXFileReference; fileEncoding = 4; lastKnownFileType = sourcecode.c.objc; name = JKMoreViewController.m; path = Classes/ViewControllers/RootVc/JKMoreViewController.m; sourceTree = "<group>"; };
		9B0D53471DF93AF3005C9893 /* UIViewController+Tencent.h */ = {isa = PBXFileReference; fileEncoding = 4; lastKnownFileType = sourcecode.c.h; name = "UIViewController+Tencent.h"; path = "Classes/Additions/UIViewController+Tencent.h"; sourceTree = "<group>"; };
		9B0D53481DF93AF3005C9893 /* UIViewController+Tencent.m */ = {isa = PBXFileReference; fileEncoding = 4; lastKnownFileType = sourcecode.c.objc; name = "UIViewController+Tencent.m"; path = "Classes/Additions/UIViewController+Tencent.m"; sourceTree = "<group>"; };
		9B0D534A1DF93C1E005C9893 /* UINavigationController+Tencent.h */ = {isa = PBXFileReference; fileEncoding = 4; lastKnownFileType = sourcecode.c.h; name = "UINavigationController+Tencent.h"; path = "Classes/Additions/UINavigationController+Tencent.h"; sourceTree = "<group>"; };
		9B0D534B1DF93C1E005C9893 /* UINavigationController+Tencent.m */ = {isa = PBXFileReference; fileEncoding = 4; lastKnownFileType = sourcecode.c.objc; name = "UINavigationController+Tencent.m"; path = "Classes/Additions/UINavigationController+Tencent.m"; sourceTree = "<group>"; };
		9B0D534E1DF93F18005C9893 /* ImageCollectViewController.h */ = {isa = PBXFileReference; fileEncoding = 4; lastKnownFileType = sourcecode.c.h; name = ImageCollectViewController.h; path = Classes/ViewControllers/Photos/ImageCollectViewController.h; sourceTree = "<group>"; };
		9B0D534F1DF93F18005C9893 /* ImageCollectViewController.m */ = {isa = PBXFileReference; fileEncoding = 4; lastKnownFileType = sourcecode.c.objc; name = ImageCollectViewController.m; path = Classes/ViewControllers/Photos/ImageCollectViewController.m; sourceTree = "<group>"; };
		9B0D53511DF98A4C005C9893 /* DMNumberPickerView.h */ = {isa = PBXFileReference; fileEncoding = 4; lastKnownFileType = sourcecode.c.h; name = DMNumberPickerView.h; path = Classes/Views/Common/DMNumberPickerView.h; sourceTree = "<group>"; };
		9B0D53521DF98A4C005C9893 /* DMNumberPickerView.m */ = {isa = PBXFileReference; fileEncoding = 4; lastKnownFileType = sourcecode.c.objc; name = DMNumberPickerView.m; path = Classes/Views/Common/DMNumberPickerView.m; sourceTree = "<group>"; };
		9B0D53541DF98BD9005C9893 /* UILabel+Tencent.h */ = {isa = PBXFileReference; fileEncoding = 4; lastKnownFileType = sourcecode.c.h; name = "UILabel+Tencent.h"; path = "Classes/Additions/UILabel+Tencent.h"; sourceTree = "<group>"; };
		9B0D53551DF98BD9005C9893 /* UILabel+Tencent.m */ = {isa = PBXFileReference; fileEncoding = 4; lastKnownFileType = sourcecode.c.objc; name = "UILabel+Tencent.m"; path = "Classes/Additions/UILabel+Tencent.m"; sourceTree = "<group>"; };
		9B0D53631DFA4F9D005C9893 /* NSThread+Qstack.h */ = {isa = PBXFileReference; fileEncoding = 4; lastKnownFileType = sourcecode.c.h; name = "NSThread+Qstack.h"; path = "Classes/Public/NSThread+Qstack.h"; sourceTree = "<group>"; };
		9B0D53641DFA4F9D005C9893 /* NSThread+Qstack.m */ = {isa = PBXFileReference; fileEncoding = 4; lastKnownFileType = sourcecode.c.objc; name = "NSThread+Qstack.m"; path = "Classes/Public/NSThread+Qstack.m"; sourceTree = "<group>"; };
		9B0D54391DFA7EE8005C9893 /* JKReadWriteLock.h */ = {isa = PBXFileReference; fileEncoding = 4; lastKnownFileType = sourcecode.c.h; name = JKReadWriteLock.h; path = Classes/Public/JKReadWriteLock.h; sourceTree = "<group>"; };
		9B0D543A1DFA7EE8005C9893 /* JKReadWriteLock.m */ = {isa = PBXFileReference; fileEncoding = 4; lastKnownFileType = sourcecode.c.objc; name = JKReadWriteLock.m; path = Classes/Public/JKReadWriteLock.m; sourceTree = "<group>"; };
		9B0D543D1DFA8B7E005C9893 /* JKAnimationViewController.h */ = {isa = PBXFileReference; fileEncoding = 4; lastKnownFileType = sourcecode.c.h; name = JKAnimationViewController.h; path = Classes/ViewControllers/Animations/JKAnimationViewController.h; sourceTree = "<group>"; };
		9B0D543E1DFA8B7E005C9893 /* JKAnimationViewController.m */ = {isa = PBXFileReference; fileEncoding = 4; lastKnownFileType = sourcecode.c.objc; name = JKAnimationViewController.m; path = Classes/ViewControllers/Animations/JKAnimationViewController.m; sourceTree = "<group>"; };
		9B0D54411DFAA384005C9893 /* JKRunTrackView.h */ = {isa = PBXFileReference; fileEncoding = 4; lastKnownFileType = sourcecode.c.h; name = JKRunTrackView.h; path = Classes/Views/Animation/JKRunTrackView.h; sourceTree = "<group>"; };
		9B0D54421DFAA384005C9893 /* JKRunTrackView.m */ = {isa = PBXFileReference; fileEncoding = 4; lastKnownFileType = sourcecode.c.objc; name = JKRunTrackView.m; path = Classes/Views/Animation/JKRunTrackView.m; sourceTree = "<group>"; };
		9B0D54441DFAA97C005C9893 /* JKEllipseView.h */ = {isa = PBXFileReference; fileEncoding = 4; lastKnownFileType = sourcecode.c.h; name = JKEllipseView.h; path = Classes/Views/Animation/JKEllipseView.h; sourceTree = "<group>"; };
		9B0D54451DFAA97C005C9893 /* JKEllipseView.m */ = {isa = PBXFileReference; fileEncoding = 4; lastKnownFileType = sourcecode.c.objc; name = JKEllipseView.m; path = Classes/Views/Animation/JKEllipseView.m; sourceTree = "<group>"; };
		9B0D54471DFAAAF0005C9893 /* JKEllipseLineView.h */ = {isa = PBXFileReference; fileEncoding = 4; lastKnownFileType = sourcecode.c.h; name = JKEllipseLineView.h; path = Classes/Views/Animation/JKEllipseLineView.h; sourceTree = "<group>"; };
		9B0D54481DFAAAF0005C9893 /* JKEllipseLineView.m */ = {isa = PBXFileReference; fileEncoding = 4; lastKnownFileType = sourcecode.c.objc; name = JKEllipseLineView.m; path = Classes/Views/Animation/JKEllipseLineView.m; sourceTree = "<group>"; };
		9B0D544A1DFAACD5005C9893 /* DMScanCircleView.h */ = {isa = PBXFileReference; fileEncoding = 4; lastKnownFileType = sourcecode.c.h; name = DMScanCircleView.h; path = Classes/Views/Animation/DMScanCircleView.h; sourceTree = "<group>"; };
		9B0D544B1DFAACD5005C9893 /* DMScanCircleView.m */ = {isa = PBXFileReference; fileEncoding = 4; lastKnownFileType = sourcecode.c.objc; name = DMScanCircleView.m; path = Classes/Views/Animation/DMScanCircleView.m; sourceTree = "<group>"; };
		9B46A0BB1E0D4E6B00318777 /* JKRunBall.h */ = {isa = PBXFileReference; fileEncoding = 4; lastKnownFileType = sourcecode.c.h; name = JKRunBall.h; path = Classes/Views/Animation/JKRunBall.h; sourceTree = "<group>"; };
		9B46A0BC1E0D4E6B00318777 /* JKRunBall.m */ = {isa = PBXFileReference; fileEncoding = 4; lastKnownFileType = sourcecode.c.objc; name = JKRunBall.m; path = Classes/Views/Animation/JKRunBall.m; sourceTree = "<group>"; };
		9B46A0BE1E0E4BD300318777 /* JKCirclingBall.h */ = {isa = PBXFileReference; fileEncoding = 4; lastKnownFileType = sourcecode.c.h; name = JKCirclingBall.h; path = Classes/Views/Animation/JKCirclingBall.h; sourceTree = "<group>"; };
		9B46A0BF1E0E4BD300318777 /* JKCirclingBall.m */ = {isa = PBXFileReference; fileEncoding = 4; lastKnownFileType = sourcecode.c.objc; name = JKCirclingBall.m; path = Classes/Views/Animation/JKCirclingBall.m; sourceTree = "<group>"; };
		9B46A0DB1E1124EE00318777 /* JKPlayBall.h */ = {isa = PBXFileReference; fileEncoding = 4; lastKnownFileType = sourcecode.c.h; name = JKPlayBall.h; path = Classes/Views/Animation/JKPlayBall.h; sourceTree = "<group>"; };
		9B46A0DC1E1124EE00318777 /* JKPlayBall.m */ = {isa = PBXFileReference; fileEncoding = 4; lastKnownFileType = sourcecode.c.objc; name = JKPlayBall.m; path = Classes/Views/Animation/JKPlayBall.m; sourceTree = "<group>"; };
		9B6BCE071E2E11DA006E49AA /* JKVideoViewController.h */ = {isa = PBXFileReference; fileEncoding = 4; lastKnownFileType = sourcecode.c.h; name = JKVideoViewController.h; path = Classes/ViewControllers/Video/JKVideoViewController.h; sourceTree = "<group>"; };
		9B6BCE081E2E11DA006E49AA /* JKVideoViewController.m */ = {isa = PBXFileReference; fileEncoding = 4; lastKnownFileType = sourcecode.c.objc; name = JKVideoViewController.m; path = Classes/ViewControllers/Video/JKVideoViewController.m; sourceTree = "<group>"; };
		9B6BCE0B1E2E146D006E49AA /* JKVideoView.m */ = {isa = PBXFileReference; fileEncoding = 4; lastKnownFileType = sourcecode.c.objc; path = JKVideoView.m; sourceTree = "<group>"; };
		9B6BCE0C1E2E146D006E49AA /* JKVideoView.h */ = {isa = PBXFileReference; fileEncoding = 4; lastKnownFileType = sourcecode.c.h; path = JKVideoView.h; sourceTree = "<group>"; };
		9B72F19F1DFE517C00B92A8A /* DMPullToRefreshControl.h */ = {isa = PBXFileReference; fileEncoding = 4; lastKnownFileType = sourcecode.c.h; path = DMPullToRefreshControl.h; sourceTree = "<group>"; };
		9B72F1A01DFE517C00B92A8A /* DMPullToRefreshControl.m */ = {isa = PBXFileReference; fileEncoding = 4; lastKnownFileType = sourcecode.c.objc; path = DMPullToRefreshControl.m; sourceTree = "<group>"; };
		9B72F1A11DFE517C00B92A8A /* WCGraintCircleLayer.h */ = {isa = PBXFileReference; fileEncoding = 4; lastKnownFileType = sourcecode.c.h; path = WCGraintCircleLayer.h; sourceTree = "<group>"; };
		9B72F1A21DFE517C00B92A8A /* WCGraintCircleLayer.m */ = {isa = PBXFileReference; fileEncoding = 4; lastKnownFileType = sourcecode.c.objc; path = WCGraintCircleLayer.m; sourceTree = "<group>"; };
		9B72F1A51DFE885700B92A8A /* DrawerViewController.h */ = {isa = PBXFileReference; fileEncoding = 4; lastKnownFileType = sourcecode.c.h; name = DrawerViewController.h; path = Classes/ViewControllers/RootVc/DrawerViewController.h; sourceTree = "<group>"; };
		9B72F1A61DFE885700B92A8A /* DrawerViewController.m */ = {isa = PBXFileReference; fileEncoding = 4; lastKnownFileType = sourcecode.c.objc; name = DrawerViewController.m; path = Classes/ViewControllers/RootVc/DrawerViewController.m; sourceTree = "<group>"; };
		9B72F1A81DFECBB200B92A8A /* JKFPSCount.h */ = {isa = PBXFileReference; fileEncoding = 4; lastKnownFileType = sourcecode.c.h; name = JKFPSCount.h; path = Classes/Public/JKFPSCount.h; sourceTree = "<group>"; };
		9B72F1A91DFECBB200B92A8A /* JKFPSCount.m */ = {isa = PBXFileReference; fileEncoding = 4; lastKnownFileType = sourcecode.c.objc; name = JKFPSCount.m; path = Classes/Public/JKFPSCount.m; sourceTree = "<group>"; };
		9B72F1AB1DFED0E700B92A8A /* JKAssitPointView.h */ = {isa = PBXFileReference; fileEncoding = 4; lastKnownFileType = sourcecode.c.h; name = JKAssitPointView.h; path = Classes/Views/Common/JKAssitPointView.h; sourceTree = "<group>"; };
		9B72F1AC1DFED0E700B92A8A /* JKAssitPointView.m */ = {isa = PBXFileReference; fileEncoding = 4; lastKnownFileType = sourcecode.c.objc; name = JKAssitPointView.m; path = Classes/Views/Common/JKAssitPointView.m; sourceTree = "<group>"; };
		9B72F1AE1DFF99AC00B92A8A /* MainThreadWatchdog.h */ = {isa = PBXFileReference; fileEncoding = 4; lastKnownFileType = sourcecode.c.h; name = MainThreadWatchdog.h; path = Classes/Public/MainThreadWatchdog.h; sourceTree = "<group>"; };
		9B72F1AF1DFF99AC00B92A8A /* MainThreadWatchdog.m */ = {isa = PBXFileReference; fileEncoding = 4; lastKnownFileType = sourcecode.c.objc; name = MainThreadWatchdog.m; path = Classes/Public/MainThreadWatchdog.m; sourceTree = "<group>"; };
		9B72F1B81DFFF36300B92A8A /* DMBLECentralManager.h */ = {isa = PBXFileReference; fileEncoding = 4; lastKnownFileType = sourcecode.c.h; name = DMBLECentralManager.h; path = Classes/Manager/BLE/DMBLECentralManager.h; sourceTree = "<group>"; };
		9B72F1B91DFFF36300B92A8A /* DMBLECentralManager.m */ = {isa = PBXFileReference; fileEncoding = 4; lastKnownFileType = sourcecode.c.objc; name = DMBLECentralManager.m; path = Classes/Manager/BLE/DMBLECentralManager.m; sourceTree = "<group>"; };
		9B72F1BB1DFFF38500B92A8A /* PeriListViewController.h */ = {isa = PBXFileReference; fileEncoding = 4; lastKnownFileType = sourcecode.c.h; name = PeriListViewController.h; path = Classes/ViewControllers/BLE/PeriListViewController.h; sourceTree = "<group>"; };
		9B72F1BC1DFFF38500B92A8A /* PeriListViewController.m */ = {isa = PBXFileReference; fileEncoding = 4; lastKnownFileType = sourcecode.c.objc; name = PeriListViewController.m; path = Classes/ViewControllers/BLE/PeriListViewController.m; sourceTree = "<group>"; };
		9BE2E30E1E08D66E00FF8BE9 /* DMWristBandUserData.h */ = {isa = PBXFileReference; fileEncoding = 4; lastKnownFileType = sourcecode.c.h; name = DMWristBandUserData.h; path = Classes/Models/BLE/DMWristBandUserData.h; sourceTree = "<group>"; };
		9BE2E30F1E08D66E00FF8BE9 /* DMWristBandUserData.m */ = {isa = PBXFileReference; fileEncoding = 4; lastKnownFileType = sourcecode.c.objc; name = DMWristBandUserData.m; path = Classes/Models/BLE/DMWristBandUserData.m; sourceTree = "<group>"; };
		9BE2E3111E090CB300FF8BE9 /* NSDate+WristBand.h */ = {isa = PBXFileReference; fileEncoding = 4; lastKnownFileType = sourcecode.c.h; name = "NSDate+WristBand.h"; path = "Classes/Models/BLE/NSDate+WristBand.h"; sourceTree = "<group>"; };
		9BE2E3121E090CB300FF8BE9 /* NSDate+WristBand.m */ = {isa = PBXFileReference; fileEncoding = 4; lastKnownFileType = sourcecode.c.objc; name = "NSDate+WristBand.m"; path = "Classes/Models/BLE/NSDate+WristBand.m"; sourceTree = "<group>"; };
		9BE2E3141E09191100FF8BE9 /* DMWristBandMeasureData.h */ = {isa = PBXFileReference; fileEncoding = 4; lastKnownFileType = sourcecode.c.h; name = DMWristBandMeasureData.h; path = Classes/Models/BLE/DMWristBandMeasureData.h; sourceTree = "<group>"; };
		9BE2E3151E09191100FF8BE9 /* DMWristBandMeasureData.m */ = {isa = PBXFileReference; fileEncoding = 4; lastKnownFileType = sourcecode.c.objc; name = DMWristBandMeasureData.m; path = Classes/Models/BLE/DMWristBandMeasureData.m; sourceTree = "<group>"; };
/* End PBXFileReference section */

/* Begin PBXFrameworksBuildPhase section */
		9B0D51681DF6D94F005C9893 /* Frameworks */ = {
			isa = PBXFrameworksBuildPhase;
			buildActionMask = 2147483647;
			files = (
				5AA9C8E1A3C61F05F433C749 /* libPods-JKDemo.a in Frameworks */,
			);
			runOnlyForDeploymentPostprocessing = 0;
		};
		9B0D51811DF6D94F005C9893 /* Frameworks */ = {
			isa = PBXFrameworksBuildPhase;
			buildActionMask = 2147483647;
			files = (
			);
			runOnlyForDeploymentPostprocessing = 0;
		};
/* End PBXFrameworksBuildPhase section */

/* Begin PBXGroup section */
		795950EFF3EBD6C6CDC179DE /* Pods */ = {
			isa = PBXGroup;
			children = (
				7BD20A37E1E2DE7703C6F07E /* Pods-JKDemo.debug.xcconfig */,
				8CD1F4A941E6DA2D10A7AF1D /* Pods-JKDemo.release.xcconfig */,
			);
			name = Pods;
			sourceTree = "<group>";
		};
		9B0A61541E00EA5E004392B4 /* BLE */ = {
			isa = PBXGroup;
			children = (
				9B0A61551E00EA97004392B4 /* DMPeripheral.h */,
				9B0A61561E00EA97004392B4 /* DMPeripheral.m */,
				9BE2E3141E09191100FF8BE9 /* DMWristBandMeasureData.h */,
				9BE2E3151E09191100FF8BE9 /* DMWristBandMeasureData.m */,
				9BE2E30E1E08D66E00FF8BE9 /* DMWristBandUserData.h */,
				9BE2E30F1E08D66E00FF8BE9 /* DMWristBandUserData.m */,
				9BE2E3111E090CB300FF8BE9 /* NSDate+WristBand.h */,
				9BE2E3121E090CB300FF8BE9 /* NSDate+WristBand.m */,
			);
			name = BLE;
			sourceTree = "<group>";
		};
		9B0A615B1E023BDF004392B4 /* Search */ = {
			isa = PBXGroup;
			children = (
				9B0A615C1E023C17004392B4 /* JKSearchResultController.h */,
				9B0A615D1E023C17004392B4 /* JKSearchResultController.m */,
				9B0A615F1E02452F004392B4 /* JKSearchController.h */,
				9B0A61601E02452F004392B4 /* JKSearchController.m */,
			);
			name = Search;
			sourceTree = "<group>";
		};
		9B0D51621DF6D94E005C9893 = {
			isa = PBXGroup;
			children = (
				9B0D516D1DF6D94F005C9893 /* JKDemo */,
				9B0D51931DF6D972005C9893 /* Frameworks */,
				9B0D51871DF6D94F005C9893 /* JKDemoTests */,
				9B0D516C1DF6D94F005C9893 /* Products */,
				795950EFF3EBD6C6CDC179DE /* Pods */,
			);
			sourceTree = "<group>";
		};
		9B0D516C1DF6D94F005C9893 /* Products */ = {
			isa = PBXGroup;
			children = (
				9B0D516B1DF6D94F005C9893 /* JKDemo.app */,
				9B0D51841DF6D94F005C9893 /* JKDemoTests.xctest */,
			);
			name = Products;
			sourceTree = "<group>";
		};
		9B0D516D1DF6D94F005C9893 /* JKDemo */ = {
			isa = PBXGroup;
			children = (
				9B0D51941DF6DA2F005C9893 /* Classes */,
				9B0D51971DF6DC3B005C9893 /* Other sources */,
				9B0D51961DF6DC32005C9893 /* Resources */,
				9B0D516E1DF6D94F005C9893 /* Supporting Files */,
			);
			path = JKDemo;
			sourceTree = "<group>";
		};
		9B0D516E1DF6D94F005C9893 /* Supporting Files */ = {
			isa = PBXGroup;
			children = (
			);
			name = "Supporting Files";
			sourceTree = "<group>";
		};
		9B0D51871DF6D94F005C9893 /* JKDemoTests */ = {
			isa = PBXGroup;
			children = (
				9B0D51881DF6D94F005C9893 /* JKDemoTests.m */,
				9B0D518A1DF6D94F005C9893 /* Info.plist */,
			);
			path = JKDemoTests;
			sourceTree = "<group>";
		};
		9B0D51931DF6D972005C9893 /* Frameworks */ = {
			isa = PBXGroup;
			children = (
				397CF007D149EEDBBCFC6177 /* libPods-JKDemo.a */,
			);
			name = Frameworks;
			sourceTree = "<group>";
		};
		9B0D51941DF6DA2F005C9893 /* Classes */ = {
			isa = PBXGroup;
			children = (
				9B0D52F91DF82B78005C9893 /* Additions */,
				9B0D51951DF6DA36005C9893 /* Application */,
				9B0D51AB1DF6E267005C9893 /* Consts */,
				9B72F1B61DFFF2AD00B92A8A /* Manager */,
				9B0D51A31DF6DD13005C9893 /* Models */,
				9B0D53621DFA4F7F005C9893 /* Public */,
				9B0D51A11DF6DCFD005C9893 /* ViewControllers */,
				9B0D51A21DF6DD0D005C9893 /* Views */,
			);
			name = Classes;
			sourceTree = "<group>";
		};
		9B0D51951DF6DA36005C9893 /* Application */ = {
			isa = PBXGroup;
			children = (
				9B0D51981DF6DC81005C9893 /* JKAppDelegate.h */,
				9B0D51991DF6DC81005C9893 /* JKAppDelegate.m */,
				9B0D530F1DF837BA005C9893 /* JKAppDelegate+MainUI.h */,
				9B0D53101DF837BA005C9893 /* JKAppDelegate+MainUI.m */,
			);
			name = Application;
			sourceTree = "<group>";
		};
		9B0D51961DF6DC32005C9893 /* Resources */ = {
			isa = PBXGroup;
			children = (
				9B0D51B21DF6E968005C9893 /* Images */,
				9B0D519F1DF6DC9F005C9893 /* Images.xcassets */,
			);
			name = Resources;
			sourceTree = "<group>";
		};
		9B0D51971DF6DC3B005C9893 /* Other sources */ = {
			isa = PBXGroup;
			children = (
				9B0D51B61DF7A5E4005C9893 /* Info.plist */,
				9B0D519C1DF6DC92005C9893 /* main.m */,
				9B0D51A71DF6DFFF005C9893 /* JKDemo-Prefix.pch */,
			);
			name = "Other sources";
			sourceTree = "<group>";
		};
		9B0D51A11DF6DCFD005C9893 /* ViewControllers */ = {
			isa = PBXGroup;
			children = (
				9B6BCE061E2E1183006E49AA /* Video */,
				9B0A615B1E023BDF004392B4 /* Search */,
				9B72F1B21DFFF25000B92A8A /* BLE */,
				9B0D543C1DFA8B34005C9893 /* Animations */,
				9B0D534D1DF93EF8005C9893 /* Photos */,
				9B0D51AD1DF6E3C5005C9893 /* Common */,
				9B0D51A51DF6DF2A005C9893 /* Login */,
				9B0D51A41DF6DEF8005C9893 /* RootVc */,
				9B0D51A61DF6DF30005C9893 /* Splash */,
			);
			name = ViewControllers;
			sourceTree = "<group>";
		};
		9B0D51A21DF6DD0D005C9893 /* Views */ = {
			isa = PBXGroup;
			children = (
				9B6BCE0A1E2E146D006E49AA /* Video */,
				9B0D54401DFAA33B005C9893 /* Animations */,
				9B0D53371DF904B6005C9893 /* Common */,
				9B72F19E1DFE517C00B92A8A /* RefreshControl */,
			);
			name = Views;
			sourceTree = "<group>";
		};
		9B0D51A31DF6DD13005C9893 /* Models */ = {
			isa = PBXGroup;
			children = (
				9B0A61541E00EA5E004392B4 /* BLE */,
			);
			name = Models;
			sourceTree = "<group>";
		};
		9B0D51A41DF6DEF8005C9893 /* RootVc */ = {
			isa = PBXGroup;
			children = (
				9B72F1A51DFE885700B92A8A /* DrawerViewController.h */,
				9B72F1A61DFE885700B92A8A /* DrawerViewController.m */,
				9B0D53341DF8F90E005C9893 /* JKDemoViewController.h */,
				9B0D53351DF8F90E005C9893 /* JKDemoViewController.m */,
				9B0D53411DF9373F005C9893 /* JKFindViewController.h */,
				9B0D53421DF9373F005C9893 /* JKFindViewController.m */,
				9B0D533E1DF936DC005C9893 /* JKFirstViewController.h */,
				9B0D533F1DF936DC005C9893 /* JKFirstViewController.m */,
				9B0D53441DF93759005C9893 /* JKMoreViewController.h */,
				9B0D53451DF93759005C9893 /* JKMoreViewController.m */,
			);
			name = RootVc;
			sourceTree = "<group>";
		};
		9B0D51A51DF6DF2A005C9893 /* Login */ = {
			isa = PBXGroup;
			children = (
				9B0D51A81DF6E0FF005C9893 /* JKLoginViewController.h */,
				9B0D51A91DF6E0FF005C9893 /* JKLoginViewController.m */,
			);
			name = Login;
			sourceTree = "<group>";
		};
		9B0D51A61DF6DF30005C9893 /* Splash */ = {
			isa = PBXGroup;
			children = (
				9B0A61891E03E036004392B4 /* JKSplashViewController.h */,
				9B0A618A1E03E036004392B4 /* JKSplashViewController.m */,
			);
			name = Splash;
			sourceTree = "<group>";
		};
		9B0D51AB1DF6E267005C9893 /* Consts */ = {
			isa = PBXGroup;
			children = (
				9B0D51AC1DF6E277005C9893 /* JKCommonMacros.h */,
				9B0D51B11DF6E488005C9893 /* JKViewConsts.h */,
			);
			name = Consts;
			sourceTree = "<group>";
		};
		9B0D51AD1DF6E3C5005C9893 /* Common */ = {
			isa = PBXGroup;
			children = (
				9B0D51AE1DF6E3F0005C9893 /* JKBaseViewController.h */,
				9B0D51AF1DF6E3F0005C9893 /* JKBaseViewController.m */,
				9B0D53121DF83900005C9893 /* JKBaseNavigationViewController.h */,
				9B0D53131DF83900005C9893 /* JKBaseNavigationViewController.m */,
				9B0D53151DF83A61005C9893 /* JKTabBarController.h */,
				9B0D53161DF83A61005C9893 /* JKTabBarController.m */,
			);
			name = Common;
			sourceTree = "<group>";
		};
		9B0D51B21DF6E968005C9893 /* Images */ = {
			isa = PBXGroup;
			children = (
				9B0D51B31DF6E972005C9893 /* Login */,
				9B0D53231DF8F3E1005C9893 /* tabbar */,
			);
			name = Images;
			sourceTree = "<group>";
		};
		9B0D51B31DF6E972005C9893 /* Login */ = {
			isa = PBXGroup;
			children = (
				9B0D51B41DF6E97F005C9893 /* login_bg.jpg */,
			);
			name = Login;
			sourceTree = "<group>";
		};
		9B0D52F91DF82B78005C9893 /* Additions */ = {
			isa = PBXGroup;
			children = (
				9B0D52FA1DF82B94005C9893 /* MBProgressHUD+Tencent.h */,
				9B0D52FB1DF82B94005C9893 /* MBProgressHUD+Tencent.m */,
				9B0D53001DF82DE8005C9893 /* TencentAdditions.h */,
				9B0D533B1DF90650005C9893 /* UIImage+Tencent.h */,
				9B0D533C1DF90650005C9893 /* UIImage+Tencent.m */,
				9B0D53541DF98BD9005C9893 /* UILabel+Tencent.h */,
				9B0D53551DF98BD9005C9893 /* UILabel+Tencent.m */,
				9B0A618C1E03E661004392B4 /* UIButton+Tencent.h */,
				9B0A618D1E03E661004392B4 /* UIButton+Tencent.m */,
				9B0D534A1DF93C1E005C9893 /* UINavigationController+Tencent.h */,
				9B0D534B1DF93C1E005C9893 /* UINavigationController+Tencent.m */,
				9B0D52FD1DF82DDC005C9893 /* UIView+Tencent.h */,
				9B0D52FE1DF82DDC005C9893 /* UIView+Tencent.m */,
				9B0D53471DF93AF3005C9893 /* UIViewController+Tencent.h */,
				9B0D53481DF93AF3005C9893 /* UIViewController+Tencent.m */,
			);
			name = Additions;
			sourceTree = "<group>";
		};
		9B0D53231DF8F3E1005C9893 /* tabbar */ = {
			isa = PBXGroup;
			children = (
				9B0D53241DF8F3E1005C9893 /* tabbar_icon_at@2x.png */,
				9B0D53251DF8F3E1005C9893 /* tabbar_icon_at_click@2x.png */,
				9B0D53261DF8F3E1005C9893 /* tabbar_icon_auth@2x.png */,
				9B0D53271DF8F3E1005C9893 /* tabbar_icon_auth_click@2x.png */,
				9B0D53281DF8F3E1005C9893 /* tabbar_icon_more@2x.png */,
				9B0D53291DF8F3E1005C9893 /* tabbar_icon_more_click@2x.png */,
				9B0D532A1DF8F3E1005C9893 /* tabbar_icon_space@2x.png */,
				9B0D532B1DF8F3E1005C9893 /* tabbar_icon_space_click@2x.png */,
			);
			name = tabbar;
			path = Resources/Images/tabbar;
			sourceTree = "<group>";
		};
		9B0D53371DF904B6005C9893 /* Common */ = {
			isa = PBXGroup;
			children = (
				9B0D53381DF904E2005C9893 /* JKTableViewCell.h */,
				9B0D53391DF904E2005C9893 /* JKTableViewCell.m */,
				9B0D53511DF98A4C005C9893 /* DMNumberPickerView.h */,
				9B0D53521DF98A4C005C9893 /* DMNumberPickerView.m */,
				9B72F1AB1DFED0E700B92A8A /* JKAssitPointView.h */,
				9B72F1AC1DFED0E700B92A8A /* JKAssitPointView.m */,
			);
			name = Common;
			sourceTree = "<group>";
		};
		9B0D534D1DF93EF8005C9893 /* Photos */ = {
			isa = PBXGroup;
			children = (
				9B0D534E1DF93F18005C9893 /* ImageCollectViewController.h */,
				9B0D534F1DF93F18005C9893 /* ImageCollectViewController.m */,
			);
			name = Photos;
			sourceTree = "<group>";
		};
		9B0D53621DFA4F7F005C9893 /* Public */ = {
			isa = PBXGroup;
			children = (
				9B0D53631DFA4F9D005C9893 /* NSThread+Qstack.h */,
				9B0D53641DFA4F9D005C9893 /* NSThread+Qstack.m */,
				9B0D54391DFA7EE8005C9893 /* JKReadWriteLock.h */,
				9B0D543A1DFA7EE8005C9893 /* JKReadWriteLock.m */,
				9B72F1A81DFECBB200B92A8A /* JKFPSCount.h */,
				9B72F1A91DFECBB200B92A8A /* JKFPSCount.m */,
				9B72F1AE1DFF99AC00B92A8A /* MainThreadWatchdog.h */,
				9B72F1AF1DFF99AC00B92A8A /* MainThreadWatchdog.m */,
			);
			name = Public;
			sourceTree = "<group>";
		};
		9B0D543C1DFA8B34005C9893 /* Animations */ = {
			isa = PBXGroup;
			children = (
				9B0D543D1DFA8B7E005C9893 /* JKAnimationViewController.h */,
				9B0D543E1DFA8B7E005C9893 /* JKAnimationViewController.m */,
			);
			name = Animations;
			sourceTree = "<group>";
		};
		9B0D54401DFAA33B005C9893 /* Animations */ = {
			isa = PBXGroup;
			children = (
				9B0D544A1DFAACD5005C9893 /* DMScanCircleView.h */,
				9B0D544B1DFAACD5005C9893 /* DMScanCircleView.m */,
				9B46A0BE1E0E4BD300318777 /* JKCirclingBall.h */,
				9B46A0BF1E0E4BD300318777 /* JKCirclingBall.m */,
				9B0D54471DFAAAF0005C9893 /* JKEllipseLineView.h */,
				9B0D54481DFAAAF0005C9893 /* JKEllipseLineView.m */,
				9B0D54441DFAA97C005C9893 /* JKEllipseView.h */,
				9B0D54451DFAA97C005C9893 /* JKEllipseView.m */,
				9B46A0BB1E0D4E6B00318777 /* JKRunBall.h */,
				9B46A0BC1E0D4E6B00318777 /* JKRunBall.m */,
				9B0D54411DFAA384005C9893 /* JKRunTrackView.h */,
				9B0D54421DFAA384005C9893 /* JKRunTrackView.m */,
				9B46A0DB1E1124EE00318777 /* JKPlayBall.h */,
				9B46A0DC1E1124EE00318777 /* JKPlayBall.m */,
			);
			name = Animations;
			sourceTree = "<group>";
		};
		9B6BCE061E2E1183006E49AA /* Video */ = {
			isa = PBXGroup;
			children = (
				9B6BCE071E2E11DA006E49AA /* JKVideoViewController.h */,
				9B6BCE081E2E11DA006E49AA /* JKVideoViewController.m */,
			);
			name = Video;
			sourceTree = "<group>";
		};
		9B6BCE0A1E2E146D006E49AA /* Video */ = {
			isa = PBXGroup;
			children = (
				9B6BCE0C1E2E146D006E49AA /* JKVideoView.h */,
				9B6BCE0B1E2E146D006E49AA /* JKVideoView.m */,
			);
			name = Video;
			path = Classes/Views/Video;
			sourceTree = "<group>";
		};
		9B72F19E1DFE517C00B92A8A /* RefreshControl */ = {
			isa = PBXGroup;
			children = (
				9B72F19F1DFE517C00B92A8A /* DMPullToRefreshControl.h */,
				9B72F1A01DFE517C00B92A8A /* DMPullToRefreshControl.m */,
				9B72F1A11DFE517C00B92A8A /* WCGraintCircleLayer.h */,
				9B72F1A21DFE517C00B92A8A /* WCGraintCircleLayer.m */,
			);
			name = RefreshControl;
			path = Classes/Views/RefreshControl;
			sourceTree = "<group>";
		};
		9B72F1B21DFFF25000B92A8A /* BLE */ = {
			isa = PBXGroup;
			children = (
				9B72F1BB1DFFF38500B92A8A /* PeriListViewController.h */,
				9B72F1BC1DFFF38500B92A8A /* PeriListViewController.m */,
				9B0A61461E0004F1004392B4 /* PeripheralViewController.h */,
				9B0A61471E0004F1004392B4 /* PeripheralViewController.m */,
			);
			name = BLE;
			sourceTree = "<group>";
		};
		9B72F1B61DFFF2AD00B92A8A /* Manager */ = {
			isa = PBXGroup;
			children = (
				9B72F1B71DFFF32C00B92A8A /* BLE */,
			);
			name = Manager;
			sourceTree = "<group>";
		};
		9B72F1B71DFFF32C00B92A8A /* BLE */ = {
			isa = PBXGroup;
			children = (
				9B72F1B81DFFF36300B92A8A /* DMBLECentralManager.h */,
				9B72F1B91DFFF36300B92A8A /* DMBLECentralManager.m */,
				9B0A61581E014105004392B4 /* DMWristBandManager.h */,
				9B0A61591E014105004392B4 /* DMWristBandManager.m */,
			);
			name = BLE;
			sourceTree = "<group>";
		};
/* End PBXGroup section */

/* Begin PBXNativeTarget section */
		9B0D516A1DF6D94F005C9893 /* JKDemo */ = {
			isa = PBXNativeTarget;
			buildConfigurationList = 9B0D518D1DF6D94F005C9893 /* Build configuration list for PBXNativeTarget "JKDemo" */;
			buildPhases = (
				93EC84CCC24731D4A10C1A02 /* 📦 Check Pods Manifest.lock */,
				9B0D51671DF6D94F005C9893 /* Sources */,
				9B0D51681DF6D94F005C9893 /* Frameworks */,
				9B0D51691DF6D94F005C9893 /* Resources */,
				CD496CA9C840931DF0CDB97A /* 📦 Embed Pods Frameworks */,
				B39FFE916598F6B9EAA050F0 /* 📦 Copy Pods Resources */,
			);
			buildRules = (
			);
			dependencies = (
			);
			name = JKDemo;
			productName = JKDemo;
			productReference = 9B0D516B1DF6D94F005C9893 /* JKDemo.app */;
			productType = "com.apple.product-type.application";
		};
		9B0D51831DF6D94F005C9893 /* JKDemoTests */ = {
			isa = PBXNativeTarget;
			buildConfigurationList = 9B0D51901DF6D94F005C9893 /* Build configuration list for PBXNativeTarget "JKDemoTests" */;
			buildPhases = (
				9B0D51801DF6D94F005C9893 /* Sources */,
				9B0D51811DF6D94F005C9893 /* Frameworks */,
				9B0D51821DF6D94F005C9893 /* Resources */,
			);
			buildRules = (
			);
			dependencies = (
				9B0D51861DF6D94F005C9893 /* PBXTargetDependency */,
			);
			name = JKDemoTests;
			productName = JKDemoTests;
			productReference = 9B0D51841DF6D94F005C9893 /* JKDemoTests.xctest */;
			productType = "com.apple.product-type.bundle.unit-test";
		};
/* End PBXNativeTarget section */

/* Begin PBXProject section */
		9B0D51631DF6D94E005C9893 /* Project object */ = {
			isa = PBXProject;
			attributes = {
				LastUpgradeCheck = 0820;
				ORGANIZATIONNAME = jackyjiao;
				TargetAttributes = {
					9B0D516A1DF6D94F005C9893 = {
						CreatedOnToolsVersion = 8.1;
						DevelopmentTeam = 2AY539L74W;
						ProvisioningStyle = Automatic;
					};
					9B0D51831DF6D94F005C9893 = {
						CreatedOnToolsVersion = 8.1;
						DevelopmentTeam = 2AY539L74W;
						ProvisioningStyle = Automatic;
						TestTargetID = 9B0D516A1DF6D94F005C9893;
					};
				};
			};
			buildConfigurationList = 9B0D51661DF6D94E005C9893 /* Build configuration list for PBXProject "JKDemo" */;
			compatibilityVersion = "Xcode 3.2";
			developmentRegion = English;
			hasScannedForEncodings = 0;
			knownRegions = (
				en,
				Base,
			);
			mainGroup = 9B0D51621DF6D94E005C9893;
			productRefGroup = 9B0D516C1DF6D94F005C9893 /* Products */;
			projectDirPath = "";
			projectRoot = "";
			targets = (
				9B0D516A1DF6D94F005C9893 /* JKDemo */,
				9B0D51831DF6D94F005C9893 /* JKDemoTests */,
			);
		};
/* End PBXProject section */

/* Begin PBXResourcesBuildPhase section */
		9B0D51691DF6D94F005C9893 /* Resources */ = {
			isa = PBXResourcesBuildPhase;
			buildActionMask = 2147483647;
			files = (
				9B0D51B51DF6E97F005C9893 /* login_bg.jpg in Resources */,
				9B0D532D1DF8F3E1005C9893 /* tabbar_icon_at_click@2x.png in Resources */,
				9B0D532F1DF8F3E1005C9893 /* tabbar_icon_auth_click@2x.png in Resources */,
				9B0D53331DF8F3E1005C9893 /* tabbar_icon_space_click@2x.png in Resources */,
				9B0D53321DF8F3E1005C9893 /* tabbar_icon_space@2x.png in Resources */,
				9B0D532E1DF8F3E1005C9893 /* tabbar_icon_auth@2x.png in Resources */,
				9B0D532C1DF8F3E1005C9893 /* tabbar_icon_at@2x.png in Resources */,
				9B0D53311DF8F3E1005C9893 /* tabbar_icon_more_click@2x.png in Resources */,
				9B0D53301DF8F3E1005C9893 /* tabbar_icon_more@2x.png in Resources */,
				9B0D51A01DF6DC9F005C9893 /* Images.xcassets in Resources */,
			);
			runOnlyForDeploymentPostprocessing = 0;
		};
		9B0D51821DF6D94F005C9893 /* Resources */ = {
			isa = PBXResourcesBuildPhase;
			buildActionMask = 2147483647;
			files = (
			);
			runOnlyForDeploymentPostprocessing = 0;
		};
/* End PBXResourcesBuildPhase section */

/* Begin PBXShellScriptBuildPhase section */
		93EC84CCC24731D4A10C1A02 /* 📦 Check Pods Manifest.lock */ = {
			isa = PBXShellScriptBuildPhase;
			buildActionMask = 2147483647;
			files = (
			);
			inputPaths = (
			);
			name = "📦 Check Pods Manifest.lock";
			outputPaths = (
			);
			runOnlyForDeploymentPostprocessing = 0;
			shellPath = /bin/sh;
			shellScript = "diff \"${PODS_ROOT}/../Podfile.lock\" \"${PODS_ROOT}/Manifest.lock\" > /dev/null\nif [[ $? != 0 ]] ; then\n    cat << EOM\nerror: The sandbox is not in sync with the Podfile.lock. Run 'pod install' or update your CocoaPods installation.\nEOM\n    exit 1\nfi\n";
			showEnvVarsInLog = 0;
		};
		B39FFE916598F6B9EAA050F0 /* 📦 Copy Pods Resources */ = {
			isa = PBXShellScriptBuildPhase;
			buildActionMask = 2147483647;
			files = (
			);
			inputPaths = (
			);
			name = "📦 Copy Pods Resources";
			outputPaths = (
			);
			runOnlyForDeploymentPostprocessing = 0;
			shellPath = /bin/sh;
			shellScript = "\"${SRCROOT}/Pods/Target Support Files/Pods-JKDemo/Pods-JKDemo-resources.sh\"\n";
			showEnvVarsInLog = 0;
		};
		CD496CA9C840931DF0CDB97A /* 📦 Embed Pods Frameworks */ = {
			isa = PBXShellScriptBuildPhase;
			buildActionMask = 2147483647;
			files = (
			);
			inputPaths = (
			);
			name = "📦 Embed Pods Frameworks";
			outputPaths = (
			);
			runOnlyForDeploymentPostprocessing = 0;
			shellPath = /bin/sh;
			shellScript = "\"${SRCROOT}/Pods/Target Support Files/Pods-JKDemo/Pods-JKDemo-frameworks.sh\"\n";
			showEnvVarsInLog = 0;
		};
/* End PBXShellScriptBuildPhase section */

/* Begin PBXSourcesBuildPhase section */
		9B0D51671DF6D94F005C9893 /* Sources */ = {
			isa = PBXSourcesBuildPhase;
			buildActionMask = 2147483647;
			files = (
				9BE2E3131E090CB300FF8BE9 /* NSDate+WristBand.m in Sources */,
				9B46A0BD1E0D4E6B00318777 /* JKRunBall.m in Sources */,
				9B0D53531DF98A4C005C9893 /* DMNumberPickerView.m in Sources */,
				9B0A618B1E03E036004392B4 /* JKSplashViewController.m in Sources */,
				9B72F1BA1DFFF36300B92A8A /* DMBLECentralManager.m in Sources */,
				9B0D52FC1DF82B94005C9893 /* MBProgressHUD+Tencent.m in Sources */,
				9B0D53361DF8F90E005C9893 /* JKDemoViewController.m in Sources */,
				9B0D51B01DF6E3F0005C9893 /* JKBaseViewController.m in Sources */,
				9B72F1AA1DFECBB200B92A8A /* JKFPSCount.m in Sources */,
				9B0A615E1E023C17004392B4 /* JKSearchResultController.m in Sources */,
				9B0D54461DFAA97C005C9893 /* JKEllipseView.m in Sources */,
				9B0A61611E02452F004392B4 /* JKSearchController.m in Sources */,
				9B0D53651DFA4F9D005C9893 /* NSThread+Qstack.m in Sources */,
				9B46A0DD1E1124EE00318777 /* JKPlayBall.m in Sources */,
				9B0D53461DF93759005C9893 /* JKMoreViewController.m in Sources */,
				9B0D519E1DF6DC92005C9893 /* main.m in Sources */,
				9B0D53111DF837BA005C9893 /* JKAppDelegate+MainUI.m in Sources */,
				9B0D54431DFAA384005C9893 /* JKRunTrackView.m in Sources */,
				9B0A618E1E03E661004392B4 /* UIButton+Tencent.m in Sources */,
				9B72F1A71DFE885700B92A8A /* DrawerViewController.m in Sources */,
				9B0D53431DF9373F005C9893 /* JKFindViewController.m in Sources */,
				9B0A61481E0004F1004392B4 /* PeripheralViewController.m in Sources */,
				9BE2E3101E08D66E00FF8BE9 /* DMWristBandUserData.m in Sources */,
				9B0D533D1DF90650005C9893 /* UIImage+Tencent.m in Sources */,
				9B0D53141DF83900005C9893 /* JKBaseNavigationViewController.m in Sources */,
				9B0D534C1DF93C1E005C9893 /* UINavigationController+Tencent.m in Sources */,
				9B0D53501DF93F18005C9893 /* ImageCollectViewController.m in Sources */,
				9BE2E3161E09191100FF8BE9 /* DMWristBandMeasureData.m in Sources */,
				9B0A615A1E014105004392B4 /* DMWristBandManager.m in Sources */,
				9B0D544C1DFAACD5005C9893 /* DMScanCircleView.m in Sources */,
				9B0D533A1DF904E2005C9893 /* JKTableViewCell.m in Sources */,
				9B72F1B01DFF99AC00B92A8A /* MainThreadWatchdog.m in Sources */,
				9B0D543F1DFA8B7E005C9893 /* JKAnimationViewController.m in Sources */,
				9B0D53401DF936DC005C9893 /* JKFirstViewController.m in Sources */,
				9B72F1BD1DFFF38500B92A8A /* PeriListViewController.m in Sources */,
				9B0D519A1DF6DC81005C9893 /* JKAppDelegate.m in Sources */,
				9B0D54491DFAAAF0005C9893 /* JKEllipseLineView.m in Sources */,
				9B0D52FF1DF82DDC005C9893 /* UIView+Tencent.m in Sources */,
				9B0A61571E00EA97004392B4 /* DMPeripheral.m in Sources */,
				9B0D53491DF93AF3005C9893 /* UIViewController+Tencent.m in Sources */,
				9B0D51AA1DF6E0FF005C9893 /* JKLoginViewController.m in Sources */,
				9B6BCE0D1E2E146D006E49AA /* JKVideoView.m in Sources */,
				9B0D53561DF98BD9005C9893 /* UILabel+Tencent.m in Sources */,
				9B46A0C01E0E4BD300318777 /* JKCirclingBall.m in Sources */,
				9B0D53171DF83A61005C9893 /* JKTabBarController.m in Sources */,
				9B6BCE091E2E11DA006E49AA /* JKVideoViewController.m in Sources */,
				9B72F1AD1DFED0E700B92A8A /* JKAssitPointView.m in Sources */,
				9B0D543B1DFA7EE8005C9893 /* JKReadWriteLock.m in Sources */,
				9B72F1A41DFE517C00B92A8A /* WCGraintCircleLayer.m in Sources */,
				9B72F1A31DFE517C00B92A8A /* DMPullToRefreshControl.m in Sources */,
			);
			runOnlyForDeploymentPostprocessing = 0;
		};
		9B0D51801DF6D94F005C9893 /* Sources */ = {
			isa = PBXSourcesBuildPhase;
			buildActionMask = 2147483647;
			files = (
				9B0D51891DF6D94F005C9893 /* JKDemoTests.m in Sources */,
			);
			runOnlyForDeploymentPostprocessing = 0;
		};
/* End PBXSourcesBuildPhase section */

/* Begin PBXTargetDependency section */
		9B0D51861DF6D94F005C9893 /* PBXTargetDependency */ = {
			isa = PBXTargetDependency;
			target = 9B0D516A1DF6D94F005C9893 /* JKDemo */;
			targetProxy = 9B0D51851DF6D94F005C9893 /* PBXContainerItemProxy */;
		};
/* End PBXTargetDependency section */

/* Begin XCBuildConfiguration section */
		9B0D518B1DF6D94F005C9893 /* Debug */ = {
			isa = XCBuildConfiguration;
			buildSettings = {
				ALWAYS_SEARCH_USER_PATHS = NO;
				CLANG_ANALYZER_NONNULL = YES;
				CLANG_CXX_LANGUAGE_STANDARD = "gnu++0x";
				CLANG_CXX_LIBRARY = "libc++";
				CLANG_ENABLE_MODULES = YES;
				CLANG_ENABLE_OBJC_ARC = YES;
				CLANG_WARN_BOOL_CONVERSION = YES;
				CLANG_WARN_CONSTANT_CONVERSION = YES;
				CLANG_WARN_DIRECT_OBJC_ISA_USAGE = YES_ERROR;
				CLANG_WARN_DOCUMENTATION_COMMENTS = YES;
				CLANG_WARN_EMPTY_BODY = YES;
				CLANG_WARN_ENUM_CONVERSION = YES;
				CLANG_WARN_INFINITE_RECURSION = YES;
				CLANG_WARN_INT_CONVERSION = YES;
				CLANG_WARN_OBJC_ROOT_CLASS = YES_ERROR;
				CLANG_WARN_SUSPICIOUS_MOVE = YES;
				CLANG_WARN_SUSPICIOUS_MOVES = YES;
				CLANG_WARN_UNREACHABLE_CODE = YES;
				CLANG_WARN__DUPLICATE_METHOD_MATCH = YES;
				"CODE_SIGN_IDENTITY[sdk=iphoneos*]" = "iPhone Developer";
				COPY_PHASE_STRIP = NO;
				DEBUG_INFORMATION_FORMAT = dwarf;
				ENABLE_STRICT_OBJC_MSGSEND = YES;
				ENABLE_TESTABILITY = YES;
				GCC_C_LANGUAGE_STANDARD = gnu99;
				GCC_DYNAMIC_NO_PIC = NO;
				GCC_NO_COMMON_BLOCKS = YES;
				GCC_OPTIMIZATION_LEVEL = 0;
				GCC_PREPROCESSOR_DEFINITIONS = (
					"DEBUG=1",
					"$(inherited)",
				);
				GCC_WARN_64_TO_32_BIT_CONVERSION = YES;
				GCC_WARN_ABOUT_RETURN_TYPE = YES_ERROR;
				GCC_WARN_UNDECLARED_SELECTOR = YES;
				GCC_WARN_UNINITIALIZED_AUTOS = YES_AGGRESSIVE;
				GCC_WARN_UNUSED_FUNCTION = YES;
				GCC_WARN_UNUSED_VARIABLE = YES;
				IPHONEOS_DEPLOYMENT_TARGET = 10.1;
				MTL_ENABLE_DEBUG_INFO = YES;
				ONLY_ACTIVE_ARCH = YES;
				SDKROOT = iphoneos;
			};
			name = Debug;
		};
		9B0D518C1DF6D94F005C9893 /* Release */ = {
			isa = XCBuildConfiguration;
			buildSettings = {
				ALWAYS_SEARCH_USER_PATHS = NO;
				CLANG_ANALYZER_NONNULL = YES;
				CLANG_CXX_LANGUAGE_STANDARD = "gnu++0x";
				CLANG_CXX_LIBRARY = "libc++";
				CLANG_ENABLE_MODULES = YES;
				CLANG_ENABLE_OBJC_ARC = YES;
				CLANG_WARN_BOOL_CONVERSION = YES;
				CLANG_WARN_CONSTANT_CONVERSION = YES;
				CLANG_WARN_DIRECT_OBJC_ISA_USAGE = YES_ERROR;
				CLANG_WARN_DOCUMENTATION_COMMENTS = YES;
				CLANG_WARN_EMPTY_BODY = YES;
				CLANG_WARN_ENUM_CONVERSION = YES;
				CLANG_WARN_INFINITE_RECURSION = YES;
				CLANG_WARN_INT_CONVERSION = YES;
				CLANG_WARN_OBJC_ROOT_CLASS = YES_ERROR;
				CLANG_WARN_SUSPICIOUS_MOVE = YES;
				CLANG_WARN_SUSPICIOUS_MOVES = YES;
				CLANG_WARN_UNREACHABLE_CODE = YES;
				CLANG_WARN__DUPLICATE_METHOD_MATCH = YES;
				"CODE_SIGN_IDENTITY[sdk=iphoneos*]" = "iPhone Developer";
				COPY_PHASE_STRIP = NO;
				DEBUG_INFORMATION_FORMAT = "dwarf-with-dsym";
				ENABLE_NS_ASSERTIONS = NO;
				ENABLE_STRICT_OBJC_MSGSEND = YES;
				GCC_C_LANGUAGE_STANDARD = gnu99;
				GCC_NO_COMMON_BLOCKS = YES;
				GCC_WARN_64_TO_32_BIT_CONVERSION = YES;
				GCC_WARN_ABOUT_RETURN_TYPE = YES_ERROR;
				GCC_WARN_UNDECLARED_SELECTOR = YES;
				GCC_WARN_UNINITIALIZED_AUTOS = YES_AGGRESSIVE;
				GCC_WARN_UNUSED_FUNCTION = YES;
				GCC_WARN_UNUSED_VARIABLE = YES;
				IPHONEOS_DEPLOYMENT_TARGET = 10.1;
				MTL_ENABLE_DEBUG_INFO = NO;
				SDKROOT = iphoneos;
				VALIDATE_PRODUCT = YES;
			};
			name = Release;
		};
		9B0D518E1DF6D94F005C9893 /* Debug */ = {
			isa = XCBuildConfiguration;
			baseConfigurationReference = 7BD20A37E1E2DE7703C6F07E /* Pods-JKDemo.debug.xcconfig */;
			buildSettings = {
				ASSETCATALOG_COMPILER_APPICON_NAME = AppIcon;
				ASSETCATALOG_COMPILER_LAUNCHIMAGE_NAME = LaunchImage;
				DEVELOPMENT_TEAM = 2AY539L74W;
				GCC_PREFIX_HEADER = "JKDemo/Other sources/JKDemo-Prefix.pch";
				INFOPLIST_FILE = "$(SRCROOT)/JKDemo/Other sources/Info.plist";
				IPHONEOS_DEPLOYMENT_TARGET = 8.0;
				LD_RUNPATH_SEARCH_PATHS = "$(inherited) @executable_path/Frameworks";
				PRODUCT_BUNDLE_IDENTIFIER = com.jacky.JKDemo;
				PRODUCT_NAME = "$(TARGET_NAME)";
			};
			name = Debug;
		};
		9B0D518F1DF6D94F005C9893 /* Release */ = {
			isa = XCBuildConfiguration;
			baseConfigurationReference = 8CD1F4A941E6DA2D10A7AF1D /* Pods-JKDemo.release.xcconfig */;
			buildSettings = {
				ASSETCATALOG_COMPILER_APPICON_NAME = AppIcon;
				ASSETCATALOG_COMPILER_LAUNCHIMAGE_NAME = LaunchImage;
				DEVELOPMENT_TEAM = 2AY539L74W;
				GCC_PREFIX_HEADER = "JKDemo/Other sources/JKDemo-Prefix.pch";
				INFOPLIST_FILE = "$(SRCROOT)/JKDemo/Other sources/Info.plist";
				IPHONEOS_DEPLOYMENT_TARGET = 8.0;
				LD_RUNPATH_SEARCH_PATHS = "$(inherited) @executable_path/Frameworks";
				PRODUCT_BUNDLE_IDENTIFIER = com.jacky.JKDemo;
				PRODUCT_NAME = "$(TARGET_NAME)";
			};
			name = Release;
		};
		9B0D51911DF6D94F005C9893 /* Debug */ = {
			isa = XCBuildConfiguration;
			buildSettings = {
				BUNDLE_LOADER = "$(TEST_HOST)";
				DEVELOPMENT_TEAM = 2AY539L74W;
				INFOPLIST_FILE = JKDemoTests/Info.plist;
				LD_RUNPATH_SEARCH_PATHS = "$(inherited) @executable_path/Frameworks @loader_path/Frameworks";
				PRODUCT_BUNDLE_IDENTIFIER = com.jacky.JKDemoTests;
				PRODUCT_NAME = "$(TARGET_NAME)";
				TEST_HOST = "$(BUILT_PRODUCTS_DIR)/JKDemo.app/JKDemo";
			};
			name = Debug;
		};
		9B0D51921DF6D94F005C9893 /* Release */ = {
			isa = XCBuildConfiguration;
			buildSettings = {
				BUNDLE_LOADER = "$(TEST_HOST)";
				DEVELOPMENT_TEAM = 2AY539L74W;
				INFOPLIST_FILE = JKDemoTests/Info.plist;
				LD_RUNPATH_SEARCH_PATHS = "$(inherited) @executable_path/Frameworks @loader_path/Frameworks";
				PRODUCT_BUNDLE_IDENTIFIER = com.jacky.JKDemoTests;
				PRODUCT_NAME = "$(TARGET_NAME)";
				TEST_HOST = "$(BUILT_PRODUCTS_DIR)/JKDemo.app/JKDemo";
			};
			name = Release;
		};
/* End XCBuildConfiguration section */

/* Begin XCConfigurationList section */
		9B0D51661DF6D94E005C9893 /* Build configuration list for PBXProject "JKDemo" */ = {
			isa = XCConfigurationList;
			buildConfigurations = (
				9B0D518B1DF6D94F005C9893 /* Debug */,
				9B0D518C1DF6D94F005C9893 /* Release */,
			);
			defaultConfigurationIsVisible = 0;
			defaultConfigurationName = Release;
		};
		9B0D518D1DF6D94F005C9893 /* Build configuration list for PBXNativeTarget "JKDemo" */ = {
			isa = XCConfigurationList;
			buildConfigurations = (
				9B0D518E1DF6D94F005C9893 /* Debug */,
				9B0D518F1DF6D94F005C9893 /* Release */,
			);
			defaultConfigurationIsVisible = 0;
			defaultConfigurationName = Release;
		};
		9B0D51901DF6D94F005C9893 /* Build configuration list for PBXNativeTarget "JKDemoTests" */ = {
			isa = XCConfigurationList;
			buildConfigurations = (
				9B0D51911DF6D94F005C9893 /* Debug */,
				9B0D51921DF6D94F005C9893 /* Release */,
			);
			defaultConfigurationIsVisible = 0;
			defaultConfigurationName = Release;
		};
/* End XCConfigurationList section */
	};
	rootObject = 9B0D51631DF6D94E005C9893 /* Project object */;
}
