// !$*UTF8*$!
{
	archiveVersion = 1;
	classes = {
	};
	objectVersion = 46;
	objects = {

/* Begin PBXBuildFile section */
		5AA9C8E1A3C61F05F433C749 /* libPods-JKDemo.a in Frameworks */ = {isa = PBXBuildFile; fileRef = 397CF007D149EEDBBCFC6177 /* libPods-JKDemo.a */; };
		9B0D533A1DF904E2005C9893 /* JKTableViewCell.m in Sources */ = {isa = PBXBuildFile; fileRef = 9B0D53391DF904E2005C9893 /* JKTableViewCell.m */; };
		9B0D53531DF98A4C005C9893 /* DMNumberPickerView.m in Sources */ = {isa = PBXBuildFile; fileRef = 9B0D53521DF98A4C005C9893 /* DMNumberPickerView.m */; };
		9B0D543F1DFA8B7E005C9893 /* JKAnimationViewController.m in Sources */ = {isa = PBXBuildFile; fileRef = 9B0D543E1DFA8B7E005C9893 /* JKAnimationViewController.m */; };
		9B0D54431DFAA384005C9893 /* JKRunTrackView.m in Sources */ = {isa = PBXBuildFile; fileRef = 9B0D54421DFAA384005C9893 /* JKRunTrackView.m */; };
		9B0D54461DFAA97C005C9893 /* JKEllipseView.m in Sources */ = {isa = PBXBuildFile; fileRef = 9B0D54451DFAA97C005C9893 /* JKEllipseView.m */; };
		9B0D54491DFAAAF0005C9893 /* JKEllipseLineView.m in Sources */ = {isa = PBXBuildFile; fileRef = 9B0D54481DFAAAF0005C9893 /* JKEllipseLineView.m */; };
		9B0D544C1DFAACD5005C9893 /* DMScanCircleView.m in Sources */ = {isa = PBXBuildFile; fileRef = 9B0D544B1DFAACD5005C9893 /* DMScanCircleView.m */; };
		9B46A0BD1E0D4E6B00318777 /* JKRunBall.m in Sources */ = {isa = PBXBuildFile; fileRef = 9B46A0BC1E0D4E6B00318777 /* JKRunBall.m */; };
		9B46A0C01E0E4BD300318777 /* JKCirclingBall.m in Sources */ = {isa = PBXBuildFile; fileRef = 9B46A0BF1E0E4BD300318777 /* JKCirclingBall.m */; };
		9B46A0DD1E1124EE00318777 /* JKPlayBall.m in Sources */ = {isa = PBXBuildFile; fileRef = 9B46A0DC1E1124EE00318777 /* JKPlayBall.m */; };
		9B4B1B671EA4AECA007CBF33 /* MBProgressHUD+Tencent.m in Sources */ = {isa = PBXBuildFile; fileRef = 9B4B1B571EA4AECA007CBF33 /* MBProgressHUD+Tencent.m */; };
		9B4B1B681EA4AECA007CBF33 /* NSString+IMSDK.m in Sources */ = {isa = PBXBuildFile; fileRef = 9B4B1B591EA4AECA007CBF33 /* NSString+IMSDK.m */; };
		9B4B1B691EA4AECA007CBF33 /* UIButton+Tencent.m in Sources */ = {isa = PBXBuildFile; fileRef = 9B4B1B5C1EA4AECA007CBF33 /* UIButton+Tencent.m */; };
		9B4B1B6A1EA4AECA007CBF33 /* UIImage+Tencent.m in Sources */ = {isa = PBXBuildFile; fileRef = 9B4B1B5E1EA4AECA007CBF33 /* UIImage+Tencent.m */; };
		9B4B1B6B1EA4AECA007CBF33 /* UILabel+Tencent.m in Sources */ = {isa = PBXBuildFile; fileRef = 9B4B1B601EA4AECA007CBF33 /* UILabel+Tencent.m */; };
		9B4B1B6C1EA4AECA007CBF33 /* UINavigationController+Tencent.m in Sources */ = {isa = PBXBuildFile; fileRef = 9B4B1B621EA4AECA007CBF33 /* UINavigationController+Tencent.m */; };
		9B4B1B6D1EA4AECA007CBF33 /* UIView+Tencent.m in Sources */ = {isa = PBXBuildFile; fileRef = 9B4B1B641EA4AECA007CBF33 /* UIView+Tencent.m */; };
		9B4B1B6E1EA4AECA007CBF33 /* UIViewController+Tencent.m in Sources */ = {isa = PBXBuildFile; fileRef = 9B4B1B661EA4AECA007CBF33 /* UIViewController+Tencent.m */; };
		9B4B1B731EA4AEF0007CBF33 /* JKAppDelegate.m in Sources */ = {isa = PBXBuildFile; fileRef = 9B4B1B701EA4AEF0007CBF33 /* JKAppDelegate.m */; };
		9B4B1B741EA4AEF0007CBF33 /* JKAppDelegate+MainUI.m in Sources */ = {isa = PBXBuildFile; fileRef = 9B4B1B721EA4AEF0007CBF33 /* JKAppDelegate+MainUI.m */; };
		9B4B1B7D1EA4AF61007CBF33 /* IMSDKUIClient.m in Sources */ = {isa = PBXBuildFile; fileRef = 9B4B1B781EA4AF61007CBF33 /* IMSDKUIClient.m */; };
		9B4B1B7E1EA4AF61007CBF33 /* IMSDKUIHTTPAgent.m in Sources */ = {isa = PBXBuildFile; fileRef = 9B4B1B7A1EA4AF61007CBF33 /* IMSDKUIHTTPAgent.m */; };
		9B4B1B7F1EA4AF61007CBF33 /* IMSDKUISession.m in Sources */ = {isa = PBXBuildFile; fileRef = 9B4B1B7C1EA4AF61007CBF33 /* IMSDKUISession.m */; };
		9B4B1B841EA4AFA2007CBF33 /* DMBLECentralManager.m in Sources */ = {isa = PBXBuildFile; fileRef = 9B4B1B811EA4AFA2007CBF33 /* DMBLECentralManager.m */; };
		9B4B1B851EA4AFA2007CBF33 /* DMWristBandManager.m in Sources */ = {isa = PBXBuildFile; fileRef = 9B4B1B831EA4AFA2007CBF33 /* DMWristBandManager.m */; };
		9B4B1B8E1EA4B026007CBF33 /* DMPeripheral.m in Sources */ = {isa = PBXBuildFile; fileRef = 9B4B1B871EA4B026007CBF33 /* DMPeripheral.m */; };
		9B4B1B8F1EA4B026007CBF33 /* DMWristBandMeasureData.m in Sources */ = {isa = PBXBuildFile; fileRef = 9B4B1B891EA4B026007CBF33 /* DMWristBandMeasureData.m */; };
		9B4B1B901EA4B026007CBF33 /* DMWristBandUserData.m in Sources */ = {isa = PBXBuildFile; fileRef = 9B4B1B8B1EA4B026007CBF33 /* DMWristBandUserData.m */; };
		9B4B1B911EA4B026007CBF33 /* NSDate+WristBand.m in Sources */ = {isa = PBXBuildFile; fileRef = 9B4B1B8D1EA4B026007CBF33 /* NSDate+WristBand.m */; };
		9B4B1B9A1EA4B0B1007CBF33 /* JKFPSCount.m in Sources */ = {isa = PBXBuildFile; fileRef = 9B4B1B931EA4B0B1007CBF33 /* JKFPSCount.m */; };
		9B4B1B9B1EA4B0B1007CBF33 /* JKReadWriteLock.m in Sources */ = {isa = PBXBuildFile; fileRef = 9B4B1B951EA4B0B1007CBF33 /* JKReadWriteLock.m */; };
		9B4B1B9C1EA4B0B1007CBF33 /* MainThreadWatchdog.m in Sources */ = {isa = PBXBuildFile; fileRef = 9B4B1B971EA4B0B1007CBF33 /* MainThreadWatchdog.m */; };
		9B4B1B9D1EA4B0B1007CBF33 /* NSThread+Qstack.m in Sources */ = {isa = PBXBuildFile; fileRef = 9B4B1B991EA4B0B1007CBF33 /* NSThread+Qstack.m */; };
		9B4B1BA21EA4B128007CBF33 /* PeriListViewController.m in Sources */ = {isa = PBXBuildFile; fileRef = 9B4B1B9F1EA4B128007CBF33 /* PeriListViewController.m */; };
		9B4B1BA31EA4B128007CBF33 /* PeripheralViewController.m in Sources */ = {isa = PBXBuildFile; fileRef = 9B4B1BA11EA4B128007CBF33 /* PeripheralViewController.m */; };
		9B4B1BAA1EA4B13D007CBF33 /* JKBaseNavigationViewController.m in Sources */ = {isa = PBXBuildFile; fileRef = 9B4B1BA51EA4B13D007CBF33 /* JKBaseNavigationViewController.m */; };
		9B4B1BAB1EA4B13D007CBF33 /* JKBaseViewController.m in Sources */ = {isa = PBXBuildFile; fileRef = 9B4B1BA71EA4B13D007CBF33 /* JKBaseViewController.m */; };
		9B4B1BAC1EA4B13D007CBF33 /* JKTabBarController.m in Sources */ = {isa = PBXBuildFile; fileRef = 9B4B1BA91EA4B13D007CBF33 /* JKTabBarController.m */; };
		9B4B1BAF1EA4B14E007CBF33 /* JKLoginViewController.m in Sources */ = {isa = PBXBuildFile; fileRef = 9B4B1BAE1EA4B14E007CBF33 /* JKLoginViewController.m */; };
		9B4B1BB21EA4B161007CBF33 /* ImageCollectViewController.m in Sources */ = {isa = PBXBuildFile; fileRef = 9B4B1BB11EA4B161007CBF33 /* ImageCollectViewController.m */; };
		9B4B1BCC1EA4B18C007CBF33 /* DrawerViewController.m in Sources */ = {isa = PBXBuildFile; fileRef = 9B4B1BC31EA4B18C007CBF33 /* DrawerViewController.m */; };
		9B4B1BCD1EA4B18C007CBF33 /* JKDemoViewController.m in Sources */ = {isa = PBXBuildFile; fileRef = 9B4B1BC51EA4B18C007CBF33 /* JKDemoViewController.m */; };
		9B4B1BCE1EA4B18C007CBF33 /* JKFindViewController.m in Sources */ = {isa = PBXBuildFile; fileRef = 9B4B1BC71EA4B18C007CBF33 /* JKFindViewController.m */; };
		9B4B1BCF1EA4B18C007CBF33 /* JKFirstViewController.m in Sources */ = {isa = PBXBuildFile; fileRef = 9B4B1BC91EA4B18C007CBF33 /* JKFirstViewController.m */; };
		9B4B1BD01EA4B18C007CBF33 /* JKMoreViewController.m in Sources */ = {isa = PBXBuildFile; fileRef = 9B4B1BCB1EA4B18C007CBF33 /* JKMoreViewController.m */; };
		9B4B1BD51EA4B1AD007CBF33 /* JKSearchController.m in Sources */ = {isa = PBXBuildFile; fileRef = 9B4B1BD21EA4B1AD007CBF33 /* JKSearchController.m */; };
		9B4B1BD61EA4B1AD007CBF33 /* JKSearchResultController.m in Sources */ = {isa = PBXBuildFile; fileRef = 9B4B1BD41EA4B1AD007CBF33 /* JKSearchResultController.m */; };
		9B4B1BD91EA4B1B6007CBF33 /* JKSplashViewController.m in Sources */ = {isa = PBXBuildFile; fileRef = 9B4B1BD81EA4B1B6007CBF33 /* JKSplashViewController.m */; };
		9B4B1BDC1EA4B1BF007CBF33 /* JKVideoViewController.m in Sources */ = {isa = PBXBuildFile; fileRef = 9B4B1BDB1EA4B1BF007CBF33 /* JKVideoViewController.m */; };
		9B4B1BE11EA4B1DD007CBF33 /* main.m in Sources */ = {isa = PBXBuildFile; fileRef = 9B4B1BDF1EA4B1DD007CBF33 /* main.m */; };
		9B4B1BE31EA4B208007CBF33 /* Images.xcassets in Resources */ = {isa = PBXBuildFile; fileRef = 9B4B1BE21EA4B208007CBF33 /* Images.xcassets */; };
		9B4B1BEC1EA4B23C007CBF33 /* tabbar_icon_at_click@2x.png in Resources */ = {isa = PBXBuildFile; fileRef = 9B4B1BE41EA4B23C007CBF33 /* tabbar_icon_at_click@2x.png */; };
		9B4B1BED1EA4B23C007CBF33 /* tabbar_icon_at@2x.png in Resources */ = {isa = PBXBuildFile; fileRef = 9B4B1BE51EA4B23C007CBF33 /* tabbar_icon_at@2x.png */; };
		9B4B1BEE1EA4B23C007CBF33 /* tabbar_icon_auth_click@2x.png in Resources */ = {isa = PBXBuildFile; fileRef = 9B4B1BE61EA4B23C007CBF33 /* tabbar_icon_auth_click@2x.png */; };
		9B4B1BEF1EA4B23C007CBF33 /* tabbar_icon_auth@2x.png in Resources */ = {isa = PBXBuildFile; fileRef = 9B4B1BE71EA4B23C007CBF33 /* tabbar_icon_auth@2x.png */; };
		9B4B1BF01EA4B23C007CBF33 /* tabbar_icon_more_click@2x.png in Resources */ = {isa = PBXBuildFile; fileRef = 9B4B1BE81EA4B23C007CBF33 /* tabbar_icon_more_click@2x.png */; };
		9B4B1BF11EA4B23C007CBF33 /* tabbar_icon_more@2x.png in Resources */ = {isa = PBXBuildFile; fileRef = 9B4B1BE91EA4B23C007CBF33 /* tabbar_icon_more@2x.png */; };
		9B4B1BF21EA4B23C007CBF33 /* tabbar_icon_space_click@2x.png in Resources */ = {isa = PBXBuildFile; fileRef = 9B4B1BEA1EA4B23C007CBF33 /* tabbar_icon_space_click@2x.png */; };
		9B4B1BF31EA4B23C007CBF33 /* tabbar_icon_space@2x.png in Resources */ = {isa = PBXBuildFile; fileRef = 9B4B1BEB1EA4B23C007CBF33 /* tabbar_icon_space@2x.png */; };
		9B4B1BF51EA4B249007CBF33 /* login_bg.jpg in Resources */ = {isa = PBXBuildFile; fileRef = 9B4B1BF41EA4B249007CBF33 /* login_bg.jpg */; };
		9B6459571E82975400D1ABD7 /* JKDemoTests.m in Sources */ = {isa = PBXBuildFile; fileRef = 9B6459561E82975400D1ABD7 /* JKDemoTests.m */; };
		9B6BCE0D1E2E146D006E49AA /* JKVideoView.m in Sources */ = {isa = PBXBuildFile; fileRef = 9B6BCE0B1E2E146D006E49AA /* JKVideoView.m */; };
		9B72F1A31DFE517C00B92A8A /* DMPullToRefreshControl.m in Sources */ = {isa = PBXBuildFile; fileRef = 9B72F1A01DFE517C00B92A8A /* DMPullToRefreshControl.m */; };
		9B72F1A41DFE517C00B92A8A /* WCGraintCircleLayer.m in Sources */ = {isa = PBXBuildFile; fileRef = 9B72F1A21DFE517C00B92A8A /* WCGraintCircleLayer.m */; };
		9B72F1AD1DFED0E700B92A8A /* JKAssitPointView.m in Sources */ = {isa = PBXBuildFile; fileRef = 9B72F1AC1DFED0E700B92A8A /* JKAssitPointView.m */; };
		9B73FB4C1E713EB7003F05FE /* JKDemoUITests.m in Sources */ = {isa = PBXBuildFile; fileRef = 9B73FB4B1E713EB7003F05FE /* JKDemoUITests.m */; };
/* End PBXBuildFile section */

/* Begin PBXContainerItemProxy section */
		9B6459591E82975400D1ABD7 /* PBXContainerItemProxy */ = {
			isa = PBXContainerItemProxy;
			containerPortal = 9B0D51631DF6D94E005C9893 /* Project object */;
			proxyType = 1;
			remoteGlobalIDString = 9B0D516A1DF6D94F005C9893;
			remoteInfo = JKDemo;
		};
		9B73FB4E1E713EB7003F05FE /* PBXContainerItemProxy */ = {
			isa = PBXContainerItemProxy;
			containerPortal = 9B0D51631DF6D94E005C9893 /* Project object */;
			proxyType = 1;
			remoteGlobalIDString = 9B0D516A1DF6D94F005C9893;
			remoteInfo = JKDemo;
		};
/* End PBXContainerItemProxy section */

/* Begin PBXFileReference section */
		397CF007D149EEDBBCFC6177 /* libPods-JKDemo.a */ = {isa = PBXFileReference; explicitFileType = archive.ar; includeInIndex = 0; path = "libPods-JKDemo.a"; sourceTree = BUILT_PRODUCTS_DIR; };
		7BD20A37E1E2DE7703C6F07E /* Pods-JKDemo.debug.xcconfig */ = {isa = PBXFileReference; includeInIndex = 1; lastKnownFileType = text.xcconfig; name = "Pods-JKDemo.debug.xcconfig"; path = "Pods/Target Support Files/Pods-JKDemo/Pods-JKDemo.debug.xcconfig"; sourceTree = "<group>"; };
		8CD1F4A941E6DA2D10A7AF1D /* Pods-JKDemo.release.xcconfig */ = {isa = PBXFileReference; includeInIndex = 1; lastKnownFileType = text.xcconfig; name = "Pods-JKDemo.release.xcconfig"; path = "Pods/Target Support Files/Pods-JKDemo/Pods-JKDemo.release.xcconfig"; sourceTree = "<group>"; };
		9B0D516B1DF6D94F005C9893 /* JKDemo.app */ = {isa = PBXFileReference; explicitFileType = wrapper.application; includeInIndex = 0; path = JKDemo.app; sourceTree = BUILT_PRODUCTS_DIR; };
		9B0D53381DF904E2005C9893 /* JKTableViewCell.h */ = {isa = PBXFileReference; fileEncoding = 4; lastKnownFileType = sourcecode.c.h; name = JKTableViewCell.h; path = Classes/Views/Common/JKTableViewCell.h; sourceTree = "<group>"; };
		9B0D53391DF904E2005C9893 /* JKTableViewCell.m */ = {isa = PBXFileReference; fileEncoding = 4; lastKnownFileType = sourcecode.c.objc; name = JKTableViewCell.m; path = Classes/Views/Common/JKTableViewCell.m; sourceTree = "<group>"; };
		9B0D53511DF98A4C005C9893 /* DMNumberPickerView.h */ = {isa = PBXFileReference; fileEncoding = 4; lastKnownFileType = sourcecode.c.h; name = DMNumberPickerView.h; path = Classes/Views/Common/DMNumberPickerView.h; sourceTree = "<group>"; };
		9B0D53521DF98A4C005C9893 /* DMNumberPickerView.m */ = {isa = PBXFileReference; fileEncoding = 4; lastKnownFileType = sourcecode.c.objc; name = DMNumberPickerView.m; path = Classes/Views/Common/DMNumberPickerView.m; sourceTree = "<group>"; };
		9B0D543D1DFA8B7E005C9893 /* JKAnimationViewController.h */ = {isa = PBXFileReference; fileEncoding = 4; lastKnownFileType = sourcecode.c.h; path = JKAnimationViewController.h; sourceTree = "<group>"; };
		9B0D543E1DFA8B7E005C9893 /* JKAnimationViewController.m */ = {isa = PBXFileReference; fileEncoding = 4; lastKnownFileType = sourcecode.c.objc; path = JKAnimationViewController.m; sourceTree = "<group>"; };
		9B0D54411DFAA384005C9893 /* JKRunTrackView.h */ = {isa = PBXFileReference; fileEncoding = 4; lastKnownFileType = sourcecode.c.h; name = JKRunTrackView.h; path = Classes/Views/Animation/JKRunTrackView.h; sourceTree = "<group>"; };
		9B0D54421DFAA384005C9893 /* JKRunTrackView.m */ = {isa = PBXFileReference; fileEncoding = 4; lastKnownFileType = sourcecode.c.objc; name = JKRunTrackView.m; path = Classes/Views/Animation/JKRunTrackView.m; sourceTree = "<group>"; };
		9B0D54441DFAA97C005C9893 /* JKEllipseView.h */ = {isa = PBXFileReference; fileEncoding = 4; lastKnownFileType = sourcecode.c.h; name = JKEllipseView.h; path = Classes/Views/Animation/JKEllipseView.h; sourceTree = "<group>"; };
		9B0D54451DFAA97C005C9893 /* JKEllipseView.m */ = {isa = PBXFileReference; fileEncoding = 4; lastKnownFileType = sourcecode.c.objc; name = JKEllipseView.m; path = Classes/Views/Animation/JKEllipseView.m; sourceTree = "<group>"; };
		9B0D54471DFAAAF0005C9893 /* JKEllipseLineView.h */ = {isa = PBXFileReference; fileEncoding = 4; lastKnownFileType = sourcecode.c.h; name = JKEllipseLineView.h; path = Classes/Views/Animation/JKEllipseLineView.h; sourceTree = "<group>"; };
		9B0D54481DFAAAF0005C9893 /* JKEllipseLineView.m */ = {isa = PBXFileReference; fileEncoding = 4; lastKnownFileType = sourcecode.c.objc; name = JKEllipseLineView.m; path = Classes/Views/Animation/JKEllipseLineView.m; sourceTree = "<group>"; };
		9B0D544A1DFAACD5005C9893 /* DMScanCircleView.h */ = {isa = PBXFileReference; fileEncoding = 4; lastKnownFileType = sourcecode.c.h; name = DMScanCircleView.h; path = Classes/Views/Animation/DMScanCircleView.h; sourceTree = "<group>"; };
		9B0D544B1DFAACD5005C9893 /* DMScanCircleView.m */ = {isa = PBXFileReference; fileEncoding = 4; lastKnownFileType = sourcecode.c.objc; name = DMScanCircleView.m; path = Classes/Views/Animation/DMScanCircleView.m; sourceTree = "<group>"; };
		9B46A0BB1E0D4E6B00318777 /* JKRunBall.h */ = {isa = PBXFileReference; fileEncoding = 4; lastKnownFileType = sourcecode.c.h; name = JKRunBall.h; path = Classes/Views/Animation/JKRunBall.h; sourceTree = "<group>"; };
		9B46A0BC1E0D4E6B00318777 /* JKRunBall.m */ = {isa = PBXFileReference; fileEncoding = 4; lastKnownFileType = sourcecode.c.objc; name = JKRunBall.m; path = Classes/Views/Animation/JKRunBall.m; sourceTree = "<group>"; };
		9B46A0BE1E0E4BD300318777 /* JKCirclingBall.h */ = {isa = PBXFileReference; fileEncoding = 4; lastKnownFileType = sourcecode.c.h; name = JKCirclingBall.h; path = Classes/Views/Animation/JKCirclingBall.h; sourceTree = "<group>"; };
		9B46A0BF1E0E4BD300318777 /* JKCirclingBall.m */ = {isa = PBXFileReference; fileEncoding = 4; lastKnownFileType = sourcecode.c.objc; name = JKCirclingBall.m; path = Classes/Views/Animation/JKCirclingBall.m; sourceTree = "<group>"; };
		9B46A0DB1E1124EE00318777 /* JKPlayBall.h */ = {isa = PBXFileReference; fileEncoding = 4; lastKnownFileType = sourcecode.c.h; name = JKPlayBall.h; path = Classes/Views/Animation/JKPlayBall.h; sourceTree = "<group>"; };
		9B46A0DC1E1124EE00318777 /* JKPlayBall.m */ = {isa = PBXFileReference; fileEncoding = 4; lastKnownFileType = sourcecode.c.objc; name = JKPlayBall.m; path = Classes/Views/Animation/JKPlayBall.m; sourceTree = "<group>"; };
		9B4B1B561EA4AECA007CBF33 /* MBProgressHUD+Tencent.h */ = {isa = PBXFileReference; fileEncoding = 4; lastKnownFileType = sourcecode.c.h; path = "MBProgressHUD+Tencent.h"; sourceTree = "<group>"; };
		9B4B1B571EA4AECA007CBF33 /* MBProgressHUD+Tencent.m */ = {isa = PBXFileReference; fileEncoding = 4; lastKnownFileType = sourcecode.c.objc; path = "MBProgressHUD+Tencent.m"; sourceTree = "<group>"; };
		9B4B1B581EA4AECA007CBF33 /* NSString+IMSDK.h */ = {isa = PBXFileReference; fileEncoding = 4; lastKnownFileType = sourcecode.c.h; path = "NSString+IMSDK.h"; sourceTree = "<group>"; };
		9B4B1B591EA4AECA007CBF33 /* NSString+IMSDK.m */ = {isa = PBXFileReference; fileEncoding = 4; lastKnownFileType = sourcecode.c.objc; path = "NSString+IMSDK.m"; sourceTree = "<group>"; };
		9B4B1B5A1EA4AECA007CBF33 /* TencentAdditions.h */ = {isa = PBXFileReference; fileEncoding = 4; lastKnownFileType = sourcecode.c.h; path = TencentAdditions.h; sourceTree = "<group>"; };
		9B4B1B5B1EA4AECA007CBF33 /* UIButton+Tencent.h */ = {isa = PBXFileReference; fileEncoding = 4; lastKnownFileType = sourcecode.c.h; path = "UIButton+Tencent.h"; sourceTree = "<group>"; };
		9B4B1B5C1EA4AECA007CBF33 /* UIButton+Tencent.m */ = {isa = PBXFileReference; fileEncoding = 4; lastKnownFileType = sourcecode.c.objc; path = "UIButton+Tencent.m"; sourceTree = "<group>"; };
		9B4B1B5D1EA4AECA007CBF33 /* UIImage+Tencent.h */ = {isa = PBXFileReference; fileEncoding = 4; lastKnownFileType = sourcecode.c.h; path = "UIImage+Tencent.h"; sourceTree = "<group>"; };
		9B4B1B5E1EA4AECA007CBF33 /* UIImage+Tencent.m */ = {isa = PBXFileReference; fileEncoding = 4; lastKnownFileType = sourcecode.c.objc; path = "UIImage+Tencent.m"; sourceTree = "<group>"; };
		9B4B1B5F1EA4AECA007CBF33 /* UILabel+Tencent.h */ = {isa = PBXFileReference; fileEncoding = 4; lastKnownFileType = sourcecode.c.h; path = "UILabel+Tencent.h"; sourceTree = "<group>"; };
		9B4B1B601EA4AECA007CBF33 /* UILabel+Tencent.m */ = {isa = PBXFileReference; fileEncoding = 4; lastKnownFileType = sourcecode.c.objc; path = "UILabel+Tencent.m"; sourceTree = "<group>"; };
		9B4B1B611EA4AECA007CBF33 /* UINavigationController+Tencent.h */ = {isa = PBXFileReference; fileEncoding = 4; lastKnownFileType = sourcecode.c.h; path = "UINavigationController+Tencent.h"; sourceTree = "<group>"; };
		9B4B1B621EA4AECA007CBF33 /* UINavigationController+Tencent.m */ = {isa = PBXFileReference; fileEncoding = 4; lastKnownFileType = sourcecode.c.objc; path = "UINavigationController+Tencent.m"; sourceTree = "<group>"; };
		9B4B1B631EA4AECA007CBF33 /* UIView+Tencent.h */ = {isa = PBXFileReference; fileEncoding = 4; lastKnownFileType = sourcecode.c.h; path = "UIView+Tencent.h"; sourceTree = "<group>"; };
		9B4B1B641EA4AECA007CBF33 /* UIView+Tencent.m */ = {isa = PBXFileReference; fileEncoding = 4; lastKnownFileType = sourcecode.c.objc; path = "UIView+Tencent.m"; sourceTree = "<group>"; };
		9B4B1B651EA4AECA007CBF33 /* UIViewController+Tencent.h */ = {isa = PBXFileReference; fileEncoding = 4; lastKnownFileType = sourcecode.c.h; path = "UIViewController+Tencent.h"; sourceTree = "<group>"; };
		9B4B1B661EA4AECA007CBF33 /* UIViewController+Tencent.m */ = {isa = PBXFileReference; fileEncoding = 4; lastKnownFileType = sourcecode.c.objc; path = "UIViewController+Tencent.m"; sourceTree = "<group>"; };
		9B4B1B6F1EA4AEF0007CBF33 /* JKAppDelegate.h */ = {isa = PBXFileReference; fileEncoding = 4; lastKnownFileType = sourcecode.c.h; path = JKAppDelegate.h; sourceTree = "<group>"; };
		9B4B1B701EA4AEF0007CBF33 /* JKAppDelegate.m */ = {isa = PBXFileReference; fileEncoding = 4; lastKnownFileType = sourcecode.c.objc; path = JKAppDelegate.m; sourceTree = "<group>"; };
		9B4B1B711EA4AEF0007CBF33 /* JKAppDelegate+MainUI.h */ = {isa = PBXFileReference; fileEncoding = 4; lastKnownFileType = sourcecode.c.h; path = "JKAppDelegate+MainUI.h"; sourceTree = "<group>"; };
		9B4B1B721EA4AEF0007CBF33 /* JKAppDelegate+MainUI.m */ = {isa = PBXFileReference; fileEncoding = 4; lastKnownFileType = sourcecode.c.objc; path = "JKAppDelegate+MainUI.m"; sourceTree = "<group>"; };
		9B4B1B751EA4AF1D007CBF33 /* JKCommonMacros.h */ = {isa = PBXFileReference; lastKnownFileType = sourcecode.c.h; path = JKCommonMacros.h; sourceTree = "<group>"; };
		9B4B1B761EA4AF1E007CBF33 /* JKViewConsts.h */ = {isa = PBXFileReference; lastKnownFileType = sourcecode.c.h; path = JKViewConsts.h; sourceTree = "<group>"; };
		9B4B1B771EA4AF61007CBF33 /* IMSDKUIClient.h */ = {isa = PBXFileReference; fileEncoding = 4; lastKnownFileType = sourcecode.c.h; path = IMSDKUIClient.h; sourceTree = "<group>"; };
		9B4B1B781EA4AF61007CBF33 /* IMSDKUIClient.m */ = {isa = PBXFileReference; fileEncoding = 4; lastKnownFileType = sourcecode.c.objc; path = IMSDKUIClient.m; sourceTree = "<group>"; };
		9B4B1B791EA4AF61007CBF33 /* IMSDKUIHTTPAgent.h */ = {isa = PBXFileReference; fileEncoding = 4; lastKnownFileType = sourcecode.c.h; path = IMSDKUIHTTPAgent.h; sourceTree = "<group>"; };
		9B4B1B7A1EA4AF61007CBF33 /* IMSDKUIHTTPAgent.m */ = {isa = PBXFileReference; fileEncoding = 4; lastKnownFileType = sourcecode.c.objc; path = IMSDKUIHTTPAgent.m; sourceTree = "<group>"; };
		9B4B1B7B1EA4AF61007CBF33 /* IMSDKUISession.h */ = {isa = PBXFileReference; fileEncoding = 4; lastKnownFileType = sourcecode.c.h; path = IMSDKUISession.h; sourceTree = "<group>"; };
		9B4B1B7C1EA4AF61007CBF33 /* IMSDKUISession.m */ = {isa = PBXFileReference; fileEncoding = 4; lastKnownFileType = sourcecode.c.objc; path = IMSDKUISession.m; sourceTree = "<group>"; };
		9B4B1B801EA4AFA2007CBF33 /* DMBLECentralManager.h */ = {isa = PBXFileReference; fileEncoding = 4; lastKnownFileType = sourcecode.c.h; path = DMBLECentralManager.h; sourceTree = "<group>"; };
		9B4B1B811EA4AFA2007CBF33 /* DMBLECentralManager.m */ = {isa = PBXFileReference; fileEncoding = 4; lastKnownFileType = sourcecode.c.objc; path = DMBLECentralManager.m; sourceTree = "<group>"; };
		9B4B1B821EA4AFA2007CBF33 /* DMWristBandManager.h */ = {isa = PBXFileReference; fileEncoding = 4; lastKnownFileType = sourcecode.c.h; path = DMWristBandManager.h; sourceTree = "<group>"; };
		9B4B1B831EA4AFA2007CBF33 /* DMWristBandManager.m */ = {isa = PBXFileReference; fileEncoding = 4; lastKnownFileType = sourcecode.c.objc; path = DMWristBandManager.m; sourceTree = "<group>"; };
		9B4B1B861EA4B026007CBF33 /* DMPeripheral.h */ = {isa = PBXFileReference; fileEncoding = 4; lastKnownFileType = sourcecode.c.h; path = DMPeripheral.h; sourceTree = "<group>"; };
		9B4B1B871EA4B026007CBF33 /* DMPeripheral.m */ = {isa = PBXFileReference; fileEncoding = 4; lastKnownFileType = sourcecode.c.objc; path = DMPeripheral.m; sourceTree = "<group>"; };
		9B4B1B881EA4B026007CBF33 /* DMWristBandMeasureData.h */ = {isa = PBXFileReference; fileEncoding = 4; lastKnownFileType = sourcecode.c.h; path = DMWristBandMeasureData.h; sourceTree = "<group>"; };
		9B4B1B891EA4B026007CBF33 /* DMWristBandMeasureData.m */ = {isa = PBXFileReference; fileEncoding = 4; lastKnownFileType = sourcecode.c.objc; path = DMWristBandMeasureData.m; sourceTree = "<group>"; };
		9B4B1B8A1EA4B026007CBF33 /* DMWristBandUserData.h */ = {isa = PBXFileReference; fileEncoding = 4; lastKnownFileType = sourcecode.c.h; path = DMWristBandUserData.h; sourceTree = "<group>"; };
		9B4B1B8B1EA4B026007CBF33 /* DMWristBandUserData.m */ = {isa = PBXFileReference; fileEncoding = 4; lastKnownFileType = sourcecode.c.objc; path = DMWristBandUserData.m; sourceTree = "<group>"; };
		9B4B1B8C1EA4B026007CBF33 /* NSDate+WristBand.h */ = {isa = PBXFileReference; fileEncoding = 4; lastKnownFileType = sourcecode.c.h; path = "NSDate+WristBand.h"; sourceTree = "<group>"; };
		9B4B1B8D1EA4B026007CBF33 /* NSDate+WristBand.m */ = {isa = PBXFileReference; fileEncoding = 4; lastKnownFileType = sourcecode.c.objc; path = "NSDate+WristBand.m"; sourceTree = "<group>"; };
		9B4B1B921EA4B0B1007CBF33 /* JKFPSCount.h */ = {isa = PBXFileReference; fileEncoding = 4; lastKnownFileType = sourcecode.c.h; path = JKFPSCount.h; sourceTree = "<group>"; };
		9B4B1B931EA4B0B1007CBF33 /* JKFPSCount.m */ = {isa = PBXFileReference; fileEncoding = 4; lastKnownFileType = sourcecode.c.objc; path = JKFPSCount.m; sourceTree = "<group>"; };
		9B4B1B941EA4B0B1007CBF33 /* JKReadWriteLock.h */ = {isa = PBXFileReference; fileEncoding = 4; lastKnownFileType = sourcecode.c.h; path = JKReadWriteLock.h; sourceTree = "<group>"; };
		9B4B1B951EA4B0B1007CBF33 /* JKReadWriteLock.m */ = {isa = PBXFileReference; fileEncoding = 4; lastKnownFileType = sourcecode.c.objc; path = JKReadWriteLock.m; sourceTree = "<group>"; };
		9B4B1B961EA4B0B1007CBF33 /* MainThreadWatchdog.h */ = {isa = PBXFileReference; fileEncoding = 4; lastKnownFileType = sourcecode.c.h; path = MainThreadWatchdog.h; sourceTree = "<group>"; };
		9B4B1B971EA4B0B1007CBF33 /* MainThreadWatchdog.m */ = {isa = PBXFileReference; fileEncoding = 4; lastKnownFileType = sourcecode.c.objc; path = MainThreadWatchdog.m; sourceTree = "<group>"; };
		9B4B1B981EA4B0B1007CBF33 /* NSThread+Qstack.h */ = {isa = PBXFileReference; fileEncoding = 4; lastKnownFileType = sourcecode.c.h; path = "NSThread+Qstack.h"; sourceTree = "<group>"; };
		9B4B1B991EA4B0B1007CBF33 /* NSThread+Qstack.m */ = {isa = PBXFileReference; fileEncoding = 4; lastKnownFileType = sourcecode.c.objc; path = "NSThread+Qstack.m"; sourceTree = "<group>"; };
		9B4B1B9E1EA4B128007CBF33 /* PeriListViewController.h */ = {isa = PBXFileReference; fileEncoding = 4; lastKnownFileType = sourcecode.c.h; path = PeriListViewController.h; sourceTree = "<group>"; };
		9B4B1B9F1EA4B128007CBF33 /* PeriListViewController.m */ = {isa = PBXFileReference; fileEncoding = 4; lastKnownFileType = sourcecode.c.objc; path = PeriListViewController.m; sourceTree = "<group>"; };
		9B4B1BA01EA4B128007CBF33 /* PeripheralViewController.h */ = {isa = PBXFileReference; fileEncoding = 4; lastKnownFileType = sourcecode.c.h; path = PeripheralViewController.h; sourceTree = "<group>"; };
		9B4B1BA11EA4B128007CBF33 /* PeripheralViewController.m */ = {isa = PBXFileReference; fileEncoding = 4; lastKnownFileType = sourcecode.c.objc; path = PeripheralViewController.m; sourceTree = "<group>"; };
		9B4B1BA41EA4B13D007CBF33 /* JKBaseNavigationViewController.h */ = {isa = PBXFileReference; fileEncoding = 4; lastKnownFileType = sourcecode.c.h; path = JKBaseNavigationViewController.h; sourceTree = "<group>"; };
		9B4B1BA51EA4B13D007CBF33 /* JKBaseNavigationViewController.m */ = {isa = PBXFileReference; fileEncoding = 4; lastKnownFileType = sourcecode.c.objc; path = JKBaseNavigationViewController.m; sourceTree = "<group>"; };
		9B4B1BA61EA4B13D007CBF33 /* JKBaseViewController.h */ = {isa = PBXFileReference; fileEncoding = 4; lastKnownFileType = sourcecode.c.h; path = JKBaseViewController.h; sourceTree = "<group>"; };
		9B4B1BA71EA4B13D007CBF33 /* JKBaseViewController.m */ = {isa = PBXFileReference; fileEncoding = 4; lastKnownFileType = sourcecode.c.objc; path = JKBaseViewController.m; sourceTree = "<group>"; };
		9B4B1BA81EA4B13D007CBF33 /* JKTabBarController.h */ = {isa = PBXFileReference; fileEncoding = 4; lastKnownFileType = sourcecode.c.h; path = JKTabBarController.h; sourceTree = "<group>"; };
		9B4B1BA91EA4B13D007CBF33 /* JKTabBarController.m */ = {isa = PBXFileReference; fileEncoding = 4; lastKnownFileType = sourcecode.c.objc; path = JKTabBarController.m; sourceTree = "<group>"; };
		9B4B1BAD1EA4B14E007CBF33 /* JKLoginViewController.h */ = {isa = PBXFileReference; fileEncoding = 4; lastKnownFileType = sourcecode.c.h; path = JKLoginViewController.h; sourceTree = "<group>"; };
		9B4B1BAE1EA4B14E007CBF33 /* JKLoginViewController.m */ = {isa = PBXFileReference; fileEncoding = 4; lastKnownFileType = sourcecode.c.objc; path = JKLoginViewController.m; sourceTree = "<group>"; };
		9B4B1BB01EA4B161007CBF33 /* ImageCollectViewController.h */ = {isa = PBXFileReference; fileEncoding = 4; lastKnownFileType = sourcecode.c.h; path = ImageCollectViewController.h; sourceTree = "<group>"; };
		9B4B1BB11EA4B161007CBF33 /* ImageCollectViewController.m */ = {isa = PBXFileReference; fileEncoding = 4; lastKnownFileType = sourcecode.c.objc; path = ImageCollectViewController.m; sourceTree = "<group>"; };
		9B4B1BC21EA4B18C007CBF33 /* DrawerViewController.h */ = {isa = PBXFileReference; fileEncoding = 4; lastKnownFileType = sourcecode.c.h; path = DrawerViewController.h; sourceTree = "<group>"; };
		9B4B1BC31EA4B18C007CBF33 /* DrawerViewController.m */ = {isa = PBXFileReference; fileEncoding = 4; lastKnownFileType = sourcecode.c.objc; path = DrawerViewController.m; sourceTree = "<group>"; };
		9B4B1BC41EA4B18C007CBF33 /* JKDemoViewController.h */ = {isa = PBXFileReference; fileEncoding = 4; lastKnownFileType = sourcecode.c.h; path = JKDemoViewController.h; sourceTree = "<group>"; };
		9B4B1BC51EA4B18C007CBF33 /* JKDemoViewController.m */ = {isa = PBXFileReference; fileEncoding = 4; lastKnownFileType = sourcecode.c.objc; path = JKDemoViewController.m; sourceTree = "<group>"; };
		9B4B1BC61EA4B18C007CBF33 /* JKFindViewController.h */ = {isa = PBXFileReference; fileEncoding = 4; lastKnownFileType = sourcecode.c.h; path = JKFindViewController.h; sourceTree = "<group>"; };
		9B4B1BC71EA4B18C007CBF33 /* JKFindViewController.m */ = {isa = PBXFileReference; fileEncoding = 4; lastKnownFileType = sourcecode.c.objc; path = JKFindViewController.m; sourceTree = "<group>"; };
		9B4B1BC81EA4B18C007CBF33 /* JKFirstViewController.h */ = {isa = PBXFileReference; fileEncoding = 4; lastKnownFileType = sourcecode.c.h; path = JKFirstViewController.h; sourceTree = "<group>"; };
		9B4B1BC91EA4B18C007CBF33 /* JKFirstViewController.m */ = {isa = PBXFileReference; fileEncoding = 4; lastKnownFileType = sourcecode.c.objc; path = JKFirstViewController.m; sourceTree = "<group>"; };
		9B4B1BCA1EA4B18C007CBF33 /* JKMoreViewController.h */ = {isa = PBXFileReference; fileEncoding = 4; lastKnownFileType = sourcecode.c.h; path = JKMoreViewController.h; sourceTree = "<group>"; };
		9B4B1BCB1EA4B18C007CBF33 /* JKMoreViewController.m */ = {isa = PBXFileReference; fileEncoding = 4; lastKnownFileType = sourcecode.c.objc; path = JKMoreViewController.m; sourceTree = "<group>"; };
		9B4B1BD11EA4B1AD007CBF33 /* JKSearchController.h */ = {isa = PBXFileReference; fileEncoding = 4; lastKnownFileType = sourcecode.c.h; path = JKSearchController.h; sourceTree = "<group>"; };
		9B4B1BD21EA4B1AD007CBF33 /* JKSearchController.m */ = {isa = PBXFileReference; fileEncoding = 4; lastKnownFileType = sourcecode.c.objc; path = JKSearchController.m; sourceTree = "<group>"; };
		9B4B1BD31EA4B1AD007CBF33 /* JKSearchResultController.h */ = {isa = PBXFileReference; fileEncoding = 4; lastKnownFileType = sourcecode.c.h; path = JKSearchResultController.h; sourceTree = "<group>"; };
		9B4B1BD41EA4B1AD007CBF33 /* JKSearchResultController.m */ = {isa = PBXFileReference; fileEncoding = 4; lastKnownFileType = sourcecode.c.objc; path = JKSearchResultController.m; sourceTree = "<group>"; };
		9B4B1BD71EA4B1B6007CBF33 /* JKSplashViewController.h */ = {isa = PBXFileReference; fileEncoding = 4; lastKnownFileType = sourcecode.c.h; path = JKSplashViewController.h; sourceTree = "<group>"; };
		9B4B1BD81EA4B1B6007CBF33 /* JKSplashViewController.m */ = {isa = PBXFileReference; fileEncoding = 4; lastKnownFileType = sourcecode.c.objc; path = JKSplashViewController.m; sourceTree = "<group>"; };
		9B4B1BDA1EA4B1BF007CBF33 /* JKVideoViewController.h */ = {isa = PBXFileReference; fileEncoding = 4; lastKnownFileType = sourcecode.c.h; path = JKVideoViewController.h; sourceTree = "<group>"; };
		9B4B1BDB1EA4B1BF007CBF33 /* JKVideoViewController.m */ = {isa = PBXFileReference; fileEncoding = 4; lastKnownFileType = sourcecode.c.objc; path = JKVideoViewController.m; sourceTree = "<group>"; };
		9B4B1BDD1EA4B1DD007CBF33 /* Info.plist */ = {isa = PBXFileReference; fileEncoding = 4; lastKnownFileType = text.plist.xml; path = Info.plist; sourceTree = "<group>"; };
		9B4B1BDE1EA4B1DD007CBF33 /* JKDemo-Prefix.pch */ = {isa = PBXFileReference; fileEncoding = 4; lastKnownFileType = sourcecode.c.h; path = "JKDemo-Prefix.pch"; sourceTree = "<group>"; };
		9B4B1BDF1EA4B1DD007CBF33 /* main.m */ = {isa = PBXFileReference; fileEncoding = 4; lastKnownFileType = sourcecode.c.objc; path = main.m; sourceTree = "<group>"; };
		9B4B1BE21EA4B208007CBF33 /* Images.xcassets */ = {isa = PBXFileReference; lastKnownFileType = folder.assetcatalog; path = Images.xcassets; sourceTree = "<group>"; };
		9B4B1BE41EA4B23C007CBF33 /* tabbar_icon_at_click@2x.png */ = {isa = PBXFileReference; lastKnownFileType = image.png; name = "tabbar_icon_at_click@2x.png"; path = "JKDemo/Resources/Images/tabbar/tabbar_icon_at_click@2x.png"; sourceTree = SOURCE_ROOT; };
		9B4B1BE51EA4B23C007CBF33 /* tabbar_icon_at@2x.png */ = {isa = PBXFileReference; lastKnownFileType = image.png; name = "tabbar_icon_at@2x.png"; path = "JKDemo/Resources/Images/tabbar/tabbar_icon_at@2x.png"; sourceTree = SOURCE_ROOT; };
		9B4B1BE61EA4B23C007CBF33 /* tabbar_icon_auth_click@2x.png */ = {isa = PBXFileReference; lastKnownFileType = image.png; name = "tabbar_icon_auth_click@2x.png"; path = "JKDemo/Resources/Images/tabbar/tabbar_icon_auth_click@2x.png"; sourceTree = SOURCE_ROOT; };
		9B4B1BE71EA4B23C007CBF33 /* tabbar_icon_auth@2x.png */ = {isa = PBXFileReference; lastKnownFileType = image.png; name = "tabbar_icon_auth@2x.png"; path = "JKDemo/Resources/Images/tabbar/tabbar_icon_auth@2x.png"; sourceTree = SOURCE_ROOT; };
		9B4B1BE81EA4B23C007CBF33 /* tabbar_icon_more_click@2x.png */ = {isa = PBXFileReference; lastKnownFileType = image.png; name = "tabbar_icon_more_click@2x.png"; path = "JKDemo/Resources/Images/tabbar/tabbar_icon_more_click@2x.png"; sourceTree = SOURCE_ROOT; };
		9B4B1BE91EA4B23C007CBF33 /* tabbar_icon_more@2x.png */ = {isa = PBXFileReference; lastKnownFileType = image.png; name = "tabbar_icon_more@2x.png"; path = "JKDemo/Resources/Images/tabbar/tabbar_icon_more@2x.png"; sourceTree = SOURCE_ROOT; };
		9B4B1BEA1EA4B23C007CBF33 /* tabbar_icon_space_click@2x.png */ = {isa = PBXFileReference; lastKnownFileType = image.png; name = "tabbar_icon_space_click@2x.png"; path = "JKDemo/Resources/Images/tabbar/tabbar_icon_space_click@2x.png"; sourceTree = SOURCE_ROOT; };
		9B4B1BEB1EA4B23C007CBF33 /* tabbar_icon_space@2x.png */ = {isa = PBXFileReference; lastKnownFileType = image.png; name = "tabbar_icon_space@2x.png"; path = "JKDemo/Resources/Images/tabbar/tabbar_icon_space@2x.png"; sourceTree = SOURCE_ROOT; };
		9B4B1BF41EA4B249007CBF33 /* login_bg.jpg */ = {isa = PBXFileReference; lastKnownFileType = image.jpeg; path = login_bg.jpg; sourceTree = "<group>"; };
		9B6459541E82975400D1ABD7 /* JKDemoTests.xctest */ = {isa = PBXFileReference; explicitFileType = wrapper.cfbundle; includeInIndex = 0; path = JKDemoTests.xctest; sourceTree = BUILT_PRODUCTS_DIR; };
		9B6459561E82975400D1ABD7 /* JKDemoTests.m */ = {isa = PBXFileReference; lastKnownFileType = sourcecode.c.objc; path = JKDemoTests.m; sourceTree = "<group>"; };
		9B6459581E82975400D1ABD7 /* Info.plist */ = {isa = PBXFileReference; lastKnownFileType = text.plist.xml; path = Info.plist; sourceTree = "<group>"; };
		9B6BCE0B1E2E146D006E49AA /* JKVideoView.m */ = {isa = PBXFileReference; fileEncoding = 4; lastKnownFileType = sourcecode.c.objc; path = JKVideoView.m; sourceTree = "<group>"; };
		9B6BCE0C1E2E146D006E49AA /* JKVideoView.h */ = {isa = PBXFileReference; fileEncoding = 4; lastKnownFileType = sourcecode.c.h; path = JKVideoView.h; sourceTree = "<group>"; };
		9B72F19F1DFE517C00B92A8A /* DMPullToRefreshControl.h */ = {isa = PBXFileReference; fileEncoding = 4; lastKnownFileType = sourcecode.c.h; path = DMPullToRefreshControl.h; sourceTree = "<group>"; };
		9B72F1A01DFE517C00B92A8A /* DMPullToRefreshControl.m */ = {isa = PBXFileReference; fileEncoding = 4; lastKnownFileType = sourcecode.c.objc; path = DMPullToRefreshControl.m; sourceTree = "<group>"; };
		9B72F1A11DFE517C00B92A8A /* WCGraintCircleLayer.h */ = {isa = PBXFileReference; fileEncoding = 4; lastKnownFileType = sourcecode.c.h; path = WCGraintCircleLayer.h; sourceTree = "<group>"; };
		9B72F1A21DFE517C00B92A8A /* WCGraintCircleLayer.m */ = {isa = PBXFileReference; fileEncoding = 4; lastKnownFileType = sourcecode.c.objc; path = WCGraintCircleLayer.m; sourceTree = "<group>"; };
		9B72F1AB1DFED0E700B92A8A /* JKAssitPointView.h */ = {isa = PBXFileReference; fileEncoding = 4; lastKnownFileType = sourcecode.c.h; name = JKAssitPointView.h; path = Classes/Views/Common/JKAssitPointView.h; sourceTree = "<group>"; };
		9B72F1AC1DFED0E700B92A8A /* JKAssitPointView.m */ = {isa = PBXFileReference; fileEncoding = 4; lastKnownFileType = sourcecode.c.objc; name = JKAssitPointView.m; path = Classes/Views/Common/JKAssitPointView.m; sourceTree = "<group>"; };
		9B73FB491E713EB7003F05FE /* JKDemoUITests.xctest */ = {isa = PBXFileReference; explicitFileType = wrapper.cfbundle; includeInIndex = 0; path = JKDemoUITests.xctest; sourceTree = BUILT_PRODUCTS_DIR; };
		9B73FB4B1E713EB7003F05FE /* JKDemoUITests.m */ = {isa = PBXFileReference; lastKnownFileType = sourcecode.c.objc; path = JKDemoUITests.m; sourceTree = "<group>"; };
		9B73FB4D1E713EB7003F05FE /* Info.plist */ = {isa = PBXFileReference; lastKnownFileType = text.plist.xml; path = Info.plist; sourceTree = "<group>"; };
/* End PBXFileReference section */

/* Begin PBXFrameworksBuildPhase section */
		9B0D51681DF6D94F005C9893 /* Frameworks */ = {
			isa = PBXFrameworksBuildPhase;
			buildActionMask = 2147483647;
			files = (
				5AA9C8E1A3C61F05F433C749 /* libPods-JKDemo.a in Frameworks */,
			);
			runOnlyForDeploymentPostprocessing = 0;
		};
		9B6459511E82975400D1ABD7 /* Frameworks */ = {
			isa = PBXFrameworksBuildPhase;
			buildActionMask = 2147483647;
			files = (
			);
			runOnlyForDeploymentPostprocessing = 0;
		};
		9B73FB461E713EB7003F05FE /* Frameworks */ = {
			isa = PBXFrameworksBuildPhase;
			buildActionMask = 2147483647;
			files = (
			);
			runOnlyForDeploymentPostprocessing = 0;
		};
/* End PBXFrameworksBuildPhase section */

/* Begin PBXGroup section */
		795950EFF3EBD6C6CDC179DE /* Pods */ = {
			isa = PBXGroup;
			children = (
				7BD20A37E1E2DE7703C6F07E /* Pods-JKDemo.debug.xcconfig */,
				8CD1F4A941E6DA2D10A7AF1D /* Pods-JKDemo.release.xcconfig */,
			);
			name = Pods;
			sourceTree = "<group>";
		};
		9B0A61541E00EA5E004392B4 /* BLE */ = {
			isa = PBXGroup;
			children = (
				9B4B1B861EA4B026007CBF33 /* DMPeripheral.h */,
				9B4B1B871EA4B026007CBF33 /* DMPeripheral.m */,
				9B4B1B881EA4B026007CBF33 /* DMWristBandMeasureData.h */,
				9B4B1B891EA4B026007CBF33 /* DMWristBandMeasureData.m */,
				9B4B1B8A1EA4B026007CBF33 /* DMWristBandUserData.h */,
				9B4B1B8B1EA4B026007CBF33 /* DMWristBandUserData.m */,
				9B4B1B8C1EA4B026007CBF33 /* NSDate+WristBand.h */,
				9B4B1B8D1EA4B026007CBF33 /* NSDate+WristBand.m */,
			);
			path = BLE;
			sourceTree = "<group>";
		};
		9B0A615B1E023BDF004392B4 /* Search */ = {
			isa = PBXGroup;
			children = (
				9B4B1BD11EA4B1AD007CBF33 /* JKSearchController.h */,
				9B4B1BD21EA4B1AD007CBF33 /* JKSearchController.m */,
				9B4B1BD31EA4B1AD007CBF33 /* JKSearchResultController.h */,
				9B4B1BD41EA4B1AD007CBF33 /* JKSearchResultController.m */,
			);
			path = Search;
			sourceTree = "<group>";
		};
		9B0D51621DF6D94E005C9893 = {
			isa = PBXGroup;
			children = (
				9B0D516D1DF6D94F005C9893 /* JKDemo */,
				9B73FB4A1E713EB7003F05FE /* JKDemoUITests */,
				9B6459551E82975400D1ABD7 /* JKDemoTests */,
				9B0D51931DF6D972005C9893 /* Frameworks */,
				9B0D516C1DF6D94F005C9893 /* Products */,
				795950EFF3EBD6C6CDC179DE /* Pods */,
			);
			sourceTree = "<group>";
		};
		9B0D516C1DF6D94F005C9893 /* Products */ = {
			isa = PBXGroup;
			children = (
				9B0D516B1DF6D94F005C9893 /* JKDemo.app */,
				9B73FB491E713EB7003F05FE /* JKDemoUITests.xctest */,
				9B6459541E82975400D1ABD7 /* JKDemoTests.xctest */,
			);
			name = Products;
			sourceTree = "<group>";
		};
		9B0D516D1DF6D94F005C9893 /* JKDemo */ = {
			isa = PBXGroup;
			children = (
				9B0D51941DF6DA2F005C9893 /* Classes */,
				9B0D51971DF6DC3B005C9893 /* Other sources */,
				9B0D51961DF6DC32005C9893 /* Resources */,
				9B0D516E1DF6D94F005C9893 /* Supporting Files */,
			);
			path = JKDemo;
			sourceTree = "<group>";
		};
		9B0D516E1DF6D94F005C9893 /* Supporting Files */ = {
			isa = PBXGroup;
			children = (
			);
			path = "Supporting Files";
			sourceTree = "<group>";
		};
		9B0D51931DF6D972005C9893 /* Frameworks */ = {
			isa = PBXGroup;
			children = (
				397CF007D149EEDBBCFC6177 /* libPods-JKDemo.a */,
			);
			name = Frameworks;
			sourceTree = "<group>";
		};
		9B0D51941DF6DA2F005C9893 /* Classes */ = {
			isa = PBXGroup;
			children = (
				9B0D52F91DF82B78005C9893 /* Additions */,
				9B0D51951DF6DA36005C9893 /* Application */,
				9B0D51AB1DF6E267005C9893 /* Consts */,
				9B72F1B61DFFF2AD00B92A8A /* Manager */,
				9B0D51A31DF6DD13005C9893 /* Models */,
				9B0D53621DFA4F7F005C9893 /* Public */,
				9B0D51A11DF6DCFD005C9893 /* ViewControllers */,
				9B0D51A21DF6DD0D005C9893 /* Views */,
			);
			name = Classes;
			sourceTree = "<group>";
		};
		9B0D51951DF6DA36005C9893 /* Application */ = {
			isa = PBXGroup;
			children = (
				9B4B1B6F1EA4AEF0007CBF33 /* JKAppDelegate.h */,
				9B4B1B701EA4AEF0007CBF33 /* JKAppDelegate.m */,
				9B4B1B711EA4AEF0007CBF33 /* JKAppDelegate+MainUI.h */,
				9B4B1B721EA4AEF0007CBF33 /* JKAppDelegate+MainUI.m */,
			);
			name = Application;
			path = Classes/Application;
			sourceTree = "<group>";
		};
		9B0D51961DF6DC32005C9893 /* Resources */ = {
			isa = PBXGroup;
			children = (
				9B0D51B21DF6E968005C9893 /* Images */,
				9B4B1BE21EA4B208007CBF33 /* Images.xcassets */,
			);
			path = Resources;
			sourceTree = "<group>";
		};
		9B0D51971DF6DC3B005C9893 /* Other sources */ = {
			isa = PBXGroup;
			children = (
				9B4B1BDD1EA4B1DD007CBF33 /* Info.plist */,
				9B4B1BDE1EA4B1DD007CBF33 /* JKDemo-Prefix.pch */,
				9B4B1BDF1EA4B1DD007CBF33 /* main.m */,
			);
			path = "Other sources";
			sourceTree = "<group>";
		};
		9B0D51A11DF6DCFD005C9893 /* ViewControllers */ = {
			isa = PBXGroup;
			children = (
				9B0D543C1DFA8B34005C9893 /* Animations */,
				9B72F1B21DFFF25000B92A8A /* BLE */,
				9B0D51AD1DF6E3C5005C9893 /* Common */,
				9B0D51A51DF6DF2A005C9893 /* Login */,
				9B0D534D1DF93EF8005C9893 /* Photos */,
				9B0D51A41DF6DEF8005C9893 /* RootVc */,
				9B0A615B1E023BDF004392B4 /* Search */,
				9B0D51A61DF6DF30005C9893 /* Splash */,
				9B6BCE061E2E1183006E49AA /* Video */,
			);
			name = ViewControllers;
			path = Classes/ViewControllers;
			sourceTree = "<group>";
		};
		9B0D51A21DF6DD0D005C9893 /* Views */ = {
			isa = PBXGroup;
			children = (
				9B6BCE0A1E2E146D006E49AA /* Video */,
				9B0D54401DFAA33B005C9893 /* Animations */,
				9B0D53371DF904B6005C9893 /* Common */,
				9B72F19E1DFE517C00B92A8A /* RefreshControl */,
			);
			name = Views;
			sourceTree = "<group>";
		};
		9B0D51A31DF6DD13005C9893 /* Models */ = {
			isa = PBXGroup;
			children = (
				9B0A61541E00EA5E004392B4 /* BLE */,
			);
			name = Models;
			path = Classes/Models;
			sourceTree = "<group>";
		};
		9B0D51A41DF6DEF8005C9893 /* RootVc */ = {
			isa = PBXGroup;
			children = (
				9B4B1BC21EA4B18C007CBF33 /* DrawerViewController.h */,
				9B4B1BC31EA4B18C007CBF33 /* DrawerViewController.m */,
				9B4B1BC41EA4B18C007CBF33 /* JKDemoViewController.h */,
				9B4B1BC51EA4B18C007CBF33 /* JKDemoViewController.m */,
				9B4B1BC61EA4B18C007CBF33 /* JKFindViewController.h */,
				9B4B1BC71EA4B18C007CBF33 /* JKFindViewController.m */,
				9B4B1BC81EA4B18C007CBF33 /* JKFirstViewController.h */,
				9B4B1BC91EA4B18C007CBF33 /* JKFirstViewController.m */,
				9B4B1BCA1EA4B18C007CBF33 /* JKMoreViewController.h */,
				9B4B1BCB1EA4B18C007CBF33 /* JKMoreViewController.m */,
			);
			path = RootVc;
			sourceTree = "<group>";
		};
		9B0D51A51DF6DF2A005C9893 /* Login */ = {
			isa = PBXGroup;
			children = (
				9B4B1BAD1EA4B14E007CBF33 /* JKLoginViewController.h */,
				9B4B1BAE1EA4B14E007CBF33 /* JKLoginViewController.m */,
			);
			path = Login;
			sourceTree = "<group>";
		};
		9B0D51A61DF6DF30005C9893 /* Splash */ = {
			isa = PBXGroup;
			children = (
				9B4B1BD71EA4B1B6007CBF33 /* JKSplashViewController.h */,
				9B4B1BD81EA4B1B6007CBF33 /* JKSplashViewController.m */,
			);
			path = Splash;
			sourceTree = "<group>";
		};
		9B0D51AB1DF6E267005C9893 /* Consts */ = {
			isa = PBXGroup;
			children = (
				9B4B1B751EA4AF1D007CBF33 /* JKCommonMacros.h */,
				9B4B1B761EA4AF1E007CBF33 /* JKViewConsts.h */,
			);
			name = Consts;
			path = Classes/Consts;
			sourceTree = "<group>";
		};
		9B0D51AD1DF6E3C5005C9893 /* Common */ = {
			isa = PBXGroup;
			children = (
				9B4B1BA41EA4B13D007CBF33 /* JKBaseNavigationViewController.h */,
				9B4B1BA51EA4B13D007CBF33 /* JKBaseNavigationViewController.m */,
				9B4B1BA61EA4B13D007CBF33 /* JKBaseViewController.h */,
				9B4B1BA71EA4B13D007CBF33 /* JKBaseViewController.m */,
				9B4B1BA81EA4B13D007CBF33 /* JKTabBarController.h */,
				9B4B1BA91EA4B13D007CBF33 /* JKTabBarController.m */,
			);
			path = Common;
			sourceTree = "<group>";
		};
		9B0D51B21DF6E968005C9893 /* Images */ = {
			isa = PBXGroup;
			children = (
				9B0D51B31DF6E972005C9893 /* Login */,
				9B0D53231DF8F3E1005C9893 /* tabbar */,
			);
			path = Images;
			sourceTree = "<group>";
		};
		9B0D51B31DF6E972005C9893 /* Login */ = {
			isa = PBXGroup;
			children = (
				9B4B1BF41EA4B249007CBF33 /* login_bg.jpg */,
			);
			path = Login;
			sourceTree = "<group>";
		};
		9B0D52F91DF82B78005C9893 /* Additions */ = {
			isa = PBXGroup;
			children = (
				9B4B1B561EA4AECA007CBF33 /* MBProgressHUD+Tencent.h */,
				9B4B1B571EA4AECA007CBF33 /* MBProgressHUD+Tencent.m */,
				9B4B1B581EA4AECA007CBF33 /* NSString+IMSDK.h */,
				9B4B1B591EA4AECA007CBF33 /* NSString+IMSDK.m */,
				9B4B1B5A1EA4AECA007CBF33 /* TencentAdditions.h */,
				9B4B1B5B1EA4AECA007CBF33 /* UIButton+Tencent.h */,
				9B4B1B5C1EA4AECA007CBF33 /* UIButton+Tencent.m */,
				9B4B1B5D1EA4AECA007CBF33 /* UIImage+Tencent.h */,
				9B4B1B5E1EA4AECA007CBF33 /* UIImage+Tencent.m */,
				9B4B1B5F1EA4AECA007CBF33 /* UILabel+Tencent.h */,
				9B4B1B601EA4AECA007CBF33 /* UILabel+Tencent.m */,
				9B4B1B611EA4AECA007CBF33 /* UINavigationController+Tencent.h */,
				9B4B1B621EA4AECA007CBF33 /* UINavigationController+Tencent.m */,
				9B4B1B631EA4AECA007CBF33 /* UIView+Tencent.h */,
				9B4B1B641EA4AECA007CBF33 /* UIView+Tencent.m */,
				9B4B1B651EA4AECA007CBF33 /* UIViewController+Tencent.h */,
				9B4B1B661EA4AECA007CBF33 /* UIViewController+Tencent.m */,
			);
			name = Additions;
			path = Classes/Additions;
			sourceTree = "<group>";
		};
		9B0D53231DF8F3E1005C9893 /* tabbar */ = {
			isa = PBXGroup;
			children = (
				9B4B1BE41EA4B23C007CBF33 /* tabbar_icon_at_click@2x.png */,
				9B4B1BE51EA4B23C007CBF33 /* tabbar_icon_at@2x.png */,
				9B4B1BE61EA4B23C007CBF33 /* tabbar_icon_auth_click@2x.png */,
				9B4B1BE71EA4B23C007CBF33 /* tabbar_icon_auth@2x.png */,
				9B4B1BE81EA4B23C007CBF33 /* tabbar_icon_more_click@2x.png */,
				9B4B1BE91EA4B23C007CBF33 /* tabbar_icon_more@2x.png */,
				9B4B1BEA1EA4B23C007CBF33 /* tabbar_icon_space_click@2x.png */,
				9B4B1BEB1EA4B23C007CBF33 /* tabbar_icon_space@2x.png */,
			);
			name = tabbar;
			path = Resources/Images/tabbar;
			sourceTree = "<group>";
		};
		9B0D53371DF904B6005C9893 /* Common */ = {
			isa = PBXGroup;
			children = (
				9B0D53381DF904E2005C9893 /* JKTableViewCell.h */,
				9B0D53391DF904E2005C9893 /* JKTableViewCell.m */,
				9B0D53511DF98A4C005C9893 /* DMNumberPickerView.h */,
				9B0D53521DF98A4C005C9893 /* DMNumberPickerView.m */,
				9B72F1AB1DFED0E700B92A8A /* JKAssitPointView.h */,
				9B72F1AC1DFED0E700B92A8A /* JKAssitPointView.m */,
			);
			name = Common;
			sourceTree = "<group>";
		};
		9B0D534D1DF93EF8005C9893 /* Photos */ = {
			isa = PBXGroup;
			children = (
				9B4B1BB01EA4B161007CBF33 /* ImageCollectViewController.h */,
				9B4B1BB11EA4B161007CBF33 /* ImageCollectViewController.m */,
			);
			path = Photos;
			sourceTree = "<group>";
		};
		9B0D53621DFA4F7F005C9893 /* Public */ = {
			isa = PBXGroup;
			children = (
				9B4B1B921EA4B0B1007CBF33 /* JKFPSCount.h */,
				9B4B1B931EA4B0B1007CBF33 /* JKFPSCount.m */,
				9B4B1B941EA4B0B1007CBF33 /* JKReadWriteLock.h */,
				9B4B1B951EA4B0B1007CBF33 /* JKReadWriteLock.m */,
				9B4B1B961EA4B0B1007CBF33 /* MainThreadWatchdog.h */,
				9B4B1B971EA4B0B1007CBF33 /* MainThreadWatchdog.m */,
				9B4B1B981EA4B0B1007CBF33 /* NSThread+Qstack.h */,
				9B4B1B991EA4B0B1007CBF33 /* NSThread+Qstack.m */,
			);
			name = Public;
			path = Classes/Public;
			sourceTree = "<group>";
		};
		9B0D543C1DFA8B34005C9893 /* Animations */ = {
			isa = PBXGroup;
			children = (
				9B0D543D1DFA8B7E005C9893 /* JKAnimationViewController.h */,
				9B0D543E1DFA8B7E005C9893 /* JKAnimationViewController.m */,
			);
			path = Animations;
			sourceTree = "<group>";
		};
		9B0D54401DFAA33B005C9893 /* Animations */ = {
			isa = PBXGroup;
			children = (
				9B0D544A1DFAACD5005C9893 /* DMScanCircleView.h */,
				9B0D544B1DFAACD5005C9893 /* DMScanCircleView.m */,
				9B46A0BE1E0E4BD300318777 /* JKCirclingBall.h */,
				9B46A0BF1E0E4BD300318777 /* JKCirclingBall.m */,
				9B0D54471DFAAAF0005C9893 /* JKEllipseLineView.h */,
				9B0D54481DFAAAF0005C9893 /* JKEllipseLineView.m */,
				9B0D54441DFAA97C005C9893 /* JKEllipseView.h */,
				9B0D54451DFAA97C005C9893 /* JKEllipseView.m */,
				9B46A0BB1E0D4E6B00318777 /* JKRunBall.h */,
				9B46A0BC1E0D4E6B00318777 /* JKRunBall.m */,
				9B0D54411DFAA384005C9893 /* JKRunTrackView.h */,
				9B0D54421DFAA384005C9893 /* JKRunTrackView.m */,
				9B46A0DB1E1124EE00318777 /* JKPlayBall.h */,
				9B46A0DC1E1124EE00318777 /* JKPlayBall.m */,
			);
			name = Animations;
			sourceTree = "<group>";
		};
		9B431F851E7A794200489ECF /* HTTP */ = {
			isa = PBXGroup;
			children = (
				9B4B1B771EA4AF61007CBF33 /* IMSDKUIClient.h */,
				9B4B1B781EA4AF61007CBF33 /* IMSDKUIClient.m */,
				9B4B1B791EA4AF61007CBF33 /* IMSDKUIHTTPAgent.h */,
				9B4B1B7A1EA4AF61007CBF33 /* IMSDKUIHTTPAgent.m */,
				9B4B1B7B1EA4AF61007CBF33 /* IMSDKUISession.h */,
				9B4B1B7C1EA4AF61007CBF33 /* IMSDKUISession.m */,
			);
			path = HTTP;
			sourceTree = "<group>";
		};
		9B6459551E82975400D1ABD7 /* JKDemoTests */ = {
			isa = PBXGroup;
			children = (
				9B6459561E82975400D1ABD7 /* JKDemoTests.m */,
				9B6459581E82975400D1ABD7 /* Info.plist */,
			);
			path = JKDemoTests;
			sourceTree = "<group>";
		};
		9B6BCE061E2E1183006E49AA /* Video */ = {
			isa = PBXGroup;
			children = (
				9B4B1BDA1EA4B1BF007CBF33 /* JKVideoViewController.h */,
				9B4B1BDB1EA4B1BF007CBF33 /* JKVideoViewController.m */,
			);
			path = Video;
			sourceTree = "<group>";
		};
		9B6BCE0A1E2E146D006E49AA /* Video */ = {
			isa = PBXGroup;
			children = (
				9B6BCE0C1E2E146D006E49AA /* JKVideoView.h */,
				9B6BCE0B1E2E146D006E49AA /* JKVideoView.m */,
			);
			name = Video;
			path = Classes/Views/Video;
			sourceTree = "<group>";
		};
		9B72F19E1DFE517C00B92A8A /* RefreshControl */ = {
			isa = PBXGroup;
			children = (
				9B72F19F1DFE517C00B92A8A /* DMPullToRefreshControl.h */,
				9B72F1A01DFE517C00B92A8A /* DMPullToRefreshControl.m */,
				9B72F1A11DFE517C00B92A8A /* WCGraintCircleLayer.h */,
				9B72F1A21DFE517C00B92A8A /* WCGraintCircleLayer.m */,
			);
			name = RefreshControl;
			path = Classes/Views/RefreshControl;
			sourceTree = "<group>";
		};
		9B72F1B21DFFF25000B92A8A /* BLE */ = {
			isa = PBXGroup;
			children = (
				9B4B1B9E1EA4B128007CBF33 /* PeriListViewController.h */,
				9B4B1B9F1EA4B128007CBF33 /* PeriListViewController.m */,
				9B4B1BA01EA4B128007CBF33 /* PeripheralViewController.h */,
				9B4B1BA11EA4B128007CBF33 /* PeripheralViewController.m */,
			);
			path = BLE;
			sourceTree = "<group>";
		};
		9B72F1B61DFFF2AD00B92A8A /* Manager */ = {
			isa = PBXGroup;
			children = (
				9B72F1B71DFFF32C00B92A8A /* BLE */,
				9B431F851E7A794200489ECF /* HTTP */,
			);
			name = Manager;
			path = Classes/Manager;
			sourceTree = "<group>";
		};
		9B72F1B71DFFF32C00B92A8A /* BLE */ = {
			isa = PBXGroup;
			children = (
				9B4B1B801EA4AFA2007CBF33 /* DMBLECentralManager.h */,
				9B4B1B811EA4AFA2007CBF33 /* DMBLECentralManager.m */,
				9B4B1B821EA4AFA2007CBF33 /* DMWristBandManager.h */,
				9B4B1B831EA4AFA2007CBF33 /* DMWristBandManager.m */,
			);
			path = BLE;
			sourceTree = "<group>";
		};
		9B73FB4A1E713EB7003F05FE /* JKDemoUITests */ = {
			isa = PBXGroup;
			children = (
				9B73FB4B1E713EB7003F05FE /* JKDemoUITests.m */,
				9B73FB4D1E713EB7003F05FE /* Info.plist */,
			);
			path = JKDemoUITests;
			sourceTree = "<group>";
		};
/* End PBXGroup section */

/* Begin PBXNativeTarget section */
		9B0D516A1DF6D94F005C9893 /* JKDemo */ = {
			isa = PBXNativeTarget;
			buildConfigurationList = 9B0D518D1DF6D94F005C9893 /* Build configuration list for PBXNativeTarget "JKDemo" */;
			buildPhases = (
				93EC84CCC24731D4A10C1A02 /* 📦 Check Pods Manifest.lock */,
				9B0D51671DF6D94F005C9893 /* Sources */,
				9B0D51681DF6D94F005C9893 /* Frameworks */,
				9B0D51691DF6D94F005C9893 /* Resources */,
				CD496CA9C840931DF0CDB97A /* 📦 Embed Pods Frameworks */,
				B39FFE916598F6B9EAA050F0 /* 📦 Copy Pods Resources */,
			);
			buildRules = (
			);
			dependencies = (
			);
			name = JKDemo;
			productName = JKDemo;
			productReference = 9B0D516B1DF6D94F005C9893 /* JKDemo.app */;
			productType = "com.apple.product-type.application";
		};
		9B6459531E82975400D1ABD7 /* JKDemoTests */ = {
			isa = PBXNativeTarget;
			buildConfigurationList = 9B64595B1E82975400D1ABD7 /* Build configuration list for PBXNativeTarget "JKDemoTests" */;
			buildPhases = (
				9B6459501E82975400D1ABD7 /* Sources */,
				9B6459511E82975400D1ABD7 /* Frameworks */,
				9B6459521E82975400D1ABD7 /* Resources */,
			);
			buildRules = (
			);
			dependencies = (
				9B64595A1E82975400D1ABD7 /* PBXTargetDependency */,
			);
			name = JKDemoTests;
			productName = JKDemoTests;
			productReference = 9B6459541E82975400D1ABD7 /* JKDemoTests.xctest */;
			productType = "com.apple.product-type.bundle.unit-test";
		};
		9B73FB481E713EB7003F05FE /* JKDemoUITests */ = {
			isa = PBXNativeTarget;
			buildConfigurationList = 9B73FB501E713EB7003F05FE /* Build configuration list for PBXNativeTarget "JKDemoUITests" */;
			buildPhases = (
				9B73FB451E713EB7003F05FE /* Sources */,
				9B73FB461E713EB7003F05FE /* Frameworks */,
				9B73FB471E713EB7003F05FE /* Resources */,
			);
			buildRules = (
			);
			dependencies = (
				9B73FB4F1E713EB7003F05FE /* PBXTargetDependency */,
			);
			name = JKDemoUITests;
			productName = JKDemoUITests;
			productReference = 9B73FB491E713EB7003F05FE /* JKDemoUITests.xctest */;
			productType = "com.apple.product-type.bundle.ui-testing";
		};
/* End PBXNativeTarget section */

/* Begin PBXProject section */
		9B0D51631DF6D94E005C9893 /* Project object */ = {
			isa = PBXProject;
			attributes = {
				LastUpgradeCheck = 0820;
				ORGANIZATIONNAME = jackyjiao;
				TargetAttributes = {
					9B0D516A1DF6D94F005C9893 = {
						CreatedOnToolsVersion = 8.1;
						DevelopmentTeam = JBS4AWYMFX;
						ProvisioningStyle = Manual;
					};
					9B6459531E82975400D1ABD7 = {
						CreatedOnToolsVersion = 8.2.1;
						DevelopmentTeam = 24HMXU7MLN;
						ProvisioningStyle = Automatic;
						TestTargetID = 9B0D516A1DF6D94F005C9893;
					};
					9B73FB481E713EB7003F05FE = {
						CreatedOnToolsVersion = 8.2.1;
						DevelopmentTeam = JBS4AWYMFX;
						ProvisioningStyle = Manual;
						TestTargetID = 9B0D516A1DF6D94F005C9893;
					};
				};
			};
			buildConfigurationList = 9B0D51661DF6D94E005C9893 /* Build configuration list for PBXProject "JKDemo" */;
			compatibilityVersion = "Xcode 3.2";
			developmentRegion = English;
			hasScannedForEncodings = 0;
			knownRegions = (
				en,
				Base,
			);
			mainGroup = 9B0D51621DF6D94E005C9893;
			productRefGroup = 9B0D516C1DF6D94F005C9893 /* Products */;
			projectDirPath = "";
			projectRoot = "";
			targets = (
				9B0D516A1DF6D94F005C9893 /* JKDemo */,
				9B73FB481E713EB7003F05FE /* JKDemoUITests */,
				9B6459531E82975400D1ABD7 /* JKDemoTests */,
			);
		};
/* End PBXProject section */

/* Begin PBXResourcesBuildPhase section */
		9B0D51691DF6D94F005C9893 /* Resources */ = {
			isa = PBXResourcesBuildPhase;
			buildActionMask = 2147483647;
			files = (
				9B4B1BF11EA4B23C007CBF33 /* tabbar_icon_more@2x.png in Resources */,
				9B4B1BF31EA4B23C007CBF33 /* tabbar_icon_space@2x.png in Resources */,
				9B4B1BE31EA4B208007CBF33 /* Images.xcassets in Resources */,
				9B4B1BF51EA4B249007CBF33 /* login_bg.jpg in Resources */,
				9B4B1BF01EA4B23C007CBF33 /* tabbar_icon_more_click@2x.png in Resources */,
				9B4B1BEC1EA4B23C007CBF33 /* tabbar_icon_at_click@2x.png in Resources */,
				9B4B1BEF1EA4B23C007CBF33 /* tabbar_icon_auth@2x.png in Resources */,
				9B4B1BF21EA4B23C007CBF33 /* tabbar_icon_space_click@2x.png in Resources */,
				9B4B1BED1EA4B23C007CBF33 /* tabbar_icon_at@2x.png in Resources */,
				9B4B1BEE1EA4B23C007CBF33 /* tabbar_icon_auth_click@2x.png in Resources */,
			);
			runOnlyForDeploymentPostprocessing = 0;
		};
		9B6459521E82975400D1ABD7 /* Resources */ = {
			isa = PBXResourcesBuildPhase;
			buildActionMask = 2147483647;
			files = (
			);
			runOnlyForDeploymentPostprocessing = 0;
		};
		9B73FB471E713EB7003F05FE /* Resources */ = {
			isa = PBXResourcesBuildPhase;
			buildActionMask = 2147483647;
			files = (
			);
			runOnlyForDeploymentPostprocessing = 0;
		};
/* End PBXResourcesBuildPhase section */

/* Begin PBXShellScriptBuildPhase section */
		93EC84CCC24731D4A10C1A02 /* 📦 Check Pods Manifest.lock */ = {
			isa = PBXShellScriptBuildPhase;
			buildActionMask = 2147483647;
			files = (
			);
			inputPaths = (
			);
			name = "📦 Check Pods Manifest.lock";
			outputPaths = (
			);
			runOnlyForDeploymentPostprocessing = 0;
			shellPath = /bin/sh;
			shellScript = "diff \"${PODS_ROOT}/../Podfile.lock\" \"${PODS_ROOT}/Manifest.lock\" > /dev/null\nif [[ $? != 0 ]] ; then\n    cat << EOM\nerror: The sandbox is not in sync with the Podfile.lock. Run 'pod install' or update your CocoaPods installation.\nEOM\n    exit 1\nfi\n";
			showEnvVarsInLog = 0;
		};
		B39FFE916598F6B9EAA050F0 /* 📦 Copy Pods Resources */ = {
			isa = PBXShellScriptBuildPhase;
			buildActionMask = 2147483647;
			files = (
			);
			inputPaths = (
			);
			name = "📦 Copy Pods Resources";
			outputPaths = (
			);
			runOnlyForDeploymentPostprocessing = 0;
			shellPath = /bin/sh;
			shellScript = "\"${SRCROOT}/Pods/Target Support Files/Pods-JKDemo/Pods-JKDemo-resources.sh\"\n";
			showEnvVarsInLog = 0;
		};
		CD496CA9C840931DF0CDB97A /* 📦 Embed Pods Frameworks */ = {
			isa = PBXShellScriptBuildPhase;
			buildActionMask = 2147483647;
			files = (
			);
			inputPaths = (
			);
			name = "📦 Embed Pods Frameworks";
			outputPaths = (
			);
			runOnlyForDeploymentPostprocessing = 0;
			shellPath = /bin/sh;
			shellScript = "\"${SRCROOT}/Pods/Target Support Files/Pods-JKDemo/Pods-JKDemo-frameworks.sh\"\n";
			showEnvVarsInLog = 0;
		};
/* End PBXShellScriptBuildPhase section */

/* Begin PBXSourcesBuildPhase section */
		9B0D51671DF6D94F005C9893 /* Sources */ = {
			isa = PBXSourcesBuildPhase;
			buildActionMask = 2147483647;
			files = (
				9B4B1BCD1EA4B18C007CBF33 /* JKDemoViewController.m in Sources */,
				9B4B1BDC1EA4B1BF007CBF33 /* JKVideoViewController.m in Sources */,
				9B4B1B6D1EA4AECA007CBF33 /* UIView+Tencent.m in Sources */,
				9B4B1BB21EA4B161007CBF33 /* ImageCollectViewController.m in Sources */,
				9B4B1B911EA4B026007CBF33 /* NSDate+WristBand.m in Sources */,
				9B4B1BAC1EA4B13D007CBF33 /* JKTabBarController.m in Sources */,
				9B4B1BCF1EA4B18C007CBF33 /* JKFirstViewController.m in Sources */,
				9B4B1B6A1EA4AECA007CBF33 /* UIImage+Tencent.m in Sources */,
				9B4B1B7E1EA4AF61007CBF33 /* IMSDKUIHTTPAgent.m in Sources */,
				9B46A0BD1E0D4E6B00318777 /* JKRunBall.m in Sources */,
				9B4B1B6B1EA4AECA007CBF33 /* UILabel+Tencent.m in Sources */,
				9B4B1BAB1EA4B13D007CBF33 /* JKBaseViewController.m in Sources */,
				9B4B1BD61EA4B1AD007CBF33 /* JKSearchResultController.m in Sources */,
				9B0D53531DF98A4C005C9893 /* DMNumberPickerView.m in Sources */,
				9B4B1B901EA4B026007CBF33 /* DMWristBandUserData.m in Sources */,
				9B4B1B851EA4AFA2007CBF33 /* DMWristBandManager.m in Sources */,
				9B4B1BE11EA4B1DD007CBF33 /* main.m in Sources */,
				9B4B1BCE1EA4B18C007CBF33 /* JKFindViewController.m in Sources */,
				9B4B1BA21EA4B128007CBF33 /* PeriListViewController.m in Sources */,
				9B4B1BD51EA4B1AD007CBF33 /* JKSearchController.m in Sources */,
				9B4B1B9D1EA4B0B1007CBF33 /* NSThread+Qstack.m in Sources */,
				9B4B1B671EA4AECA007CBF33 /* MBProgressHUD+Tencent.m in Sources */,
				9B4B1B731EA4AEF0007CBF33 /* JKAppDelegate.m in Sources */,
				9B0D54461DFAA97C005C9893 /* JKEllipseView.m in Sources */,
				9B4B1BD01EA4B18C007CBF33 /* JKMoreViewController.m in Sources */,
				9B46A0DD1E1124EE00318777 /* JKPlayBall.m in Sources */,
				9B0D54431DFAA384005C9893 /* JKRunTrackView.m in Sources */,
				9B4B1B7F1EA4AF61007CBF33 /* IMSDKUISession.m in Sources */,
				9B4B1B7D1EA4AF61007CBF33 /* IMSDKUIClient.m in Sources */,
				9B4B1B681EA4AECA007CBF33 /* NSString+IMSDK.m in Sources */,
				9B4B1B691EA4AECA007CBF33 /* UIButton+Tencent.m in Sources */,
				9B0D544C1DFAACD5005C9893 /* DMScanCircleView.m in Sources */,
				9B0D533A1DF904E2005C9893 /* JKTableViewCell.m in Sources */,
				9B4B1BD91EA4B1B6007CBF33 /* JKSplashViewController.m in Sources */,
				9B0D543F1DFA8B7E005C9893 /* JKAnimationViewController.m in Sources */,
				9B4B1B9B1EA4B0B1007CBF33 /* JKReadWriteLock.m in Sources */,
				9B4B1B6C1EA4AECA007CBF33 /* UINavigationController+Tencent.m in Sources */,
				9B0D54491DFAAAF0005C9893 /* JKEllipseLineView.m in Sources */,
				9B4B1B741EA4AEF0007CBF33 /* JKAppDelegate+MainUI.m in Sources */,
				9B4B1B9C1EA4B0B1007CBF33 /* MainThreadWatchdog.m in Sources */,
				9B6BCE0D1E2E146D006E49AA /* JKVideoView.m in Sources */,
				9B4B1BAA1EA4B13D007CBF33 /* JKBaseNavigationViewController.m in Sources */,
				9B46A0C01E0E4BD300318777 /* JKCirclingBall.m in Sources */,
				9B4B1B841EA4AFA2007CBF33 /* DMBLECentralManager.m in Sources */,
				9B4B1B8E1EA4B026007CBF33 /* DMPeripheral.m in Sources */,
				9B72F1AD1DFED0E700B92A8A /* JKAssitPointView.m in Sources */,
				9B4B1B6E1EA4AECA007CBF33 /* UIViewController+Tencent.m in Sources */,
				9B4B1BCC1EA4B18C007CBF33 /* DrawerViewController.m in Sources */,
				9B72F1A41DFE517C00B92A8A /* WCGraintCircleLayer.m in Sources */,
				9B4B1BAF1EA4B14E007CBF33 /* JKLoginViewController.m in Sources */,
				9B4B1BA31EA4B128007CBF33 /* PeripheralViewController.m in Sources */,
				9B4B1B9A1EA4B0B1007CBF33 /* JKFPSCount.m in Sources */,
				9B4B1B8F1EA4B026007CBF33 /* DMWristBandMeasureData.m in Sources */,
				9B72F1A31DFE517C00B92A8A /* DMPullToRefreshControl.m in Sources */,
			);
			runOnlyForDeploymentPostprocessing = 0;
		};
		9B6459501E82975400D1ABD7 /* Sources */ = {
			isa = PBXSourcesBuildPhase;
			buildActionMask = 2147483647;
			files = (
				9B6459571E82975400D1ABD7 /* JKDemoTests.m in Sources */,
			);
			runOnlyForDeploymentPostprocessing = 0;
		};
		9B73FB451E713EB7003F05FE /* Sources */ = {
			isa = PBXSourcesBuildPhase;
			buildActionMask = 2147483647;
			files = (
				9B73FB4C1E713EB7003F05FE /* JKDemoUITests.m in Sources */,
			);
			runOnlyForDeploymentPostprocessing = 0;
		};
/* End PBXSourcesBuildPhase section */

/* Begin PBXTargetDependency section */
		9B64595A1E82975400D1ABD7 /* PBXTargetDependency */ = {
			isa = PBXTargetDependency;
			target = 9B0D516A1DF6D94F005C9893 /* JKDemo */;
			targetProxy = 9B6459591E82975400D1ABD7 /* PBXContainerItemProxy */;
		};
		9B73FB4F1E713EB7003F05FE /* PBXTargetDependency */ = {
			isa = PBXTargetDependency;
			target = 9B0D516A1DF6D94F005C9893 /* JKDemo */;
			targetProxy = 9B73FB4E1E713EB7003F05FE /* PBXContainerItemProxy */;
		};
/* End PBXTargetDependency section */

/* Begin XCBuildConfiguration section */
		9B0D518B1DF6D94F005C9893 /* Debug */ = {
			isa = XCBuildConfiguration;
			buildSettings = {
				ALWAYS_SEARCH_USER_PATHS = NO;
				CLANG_ANALYZER_NONNULL = YES;
				CLANG_CXX_LANGUAGE_STANDARD = "gnu++0x";
				CLANG_CXX_LIBRARY = "libc++";
				CLANG_ENABLE_MODULES = YES;
				CLANG_ENABLE_OBJC_ARC = YES;
				CLANG_WARN_BOOL_CONVERSION = YES;
				CLANG_WARN_CONSTANT_CONVERSION = YES;
				CLANG_WARN_DIRECT_OBJC_ISA_USAGE = YES_ERROR;
				CLANG_WARN_DOCUMENTATION_COMMENTS = YES;
				CLANG_WARN_EMPTY_BODY = YES;
				CLANG_WARN_ENUM_CONVERSION = YES;
				CLANG_WARN_INFINITE_RECURSION = YES;
				CLANG_WARN_INT_CONVERSION = YES;
				CLANG_WARN_OBJC_ROOT_CLASS = YES_ERROR;
				CLANG_WARN_SUSPICIOUS_MOVE = YES;
				CLANG_WARN_SUSPICIOUS_MOVES = YES;
				CLANG_WARN_UNREACHABLE_CODE = YES;
				CLANG_WARN__DUPLICATE_METHOD_MATCH = YES;
				"CODE_SIGN_IDENTITY[sdk=iphoneos*]" = "iPhone Developer";
				COPY_PHASE_STRIP = NO;
				DEBUG_INFORMATION_FORMAT = dwarf;
				ENABLE_STRICT_OBJC_MSGSEND = YES;
				ENABLE_TESTABILITY = YES;
				GCC_C_LANGUAGE_STANDARD = gnu99;
				GCC_DYNAMIC_NO_PIC = NO;
				GCC_NO_COMMON_BLOCKS = YES;
				GCC_OPTIMIZATION_LEVEL = 0;
				GCC_PREPROCESSOR_DEFINITIONS = (
					"DEBUG=1",
					"$(inherited)",
				);
				GCC_WARN_64_TO_32_BIT_CONVERSION = YES;
				GCC_WARN_ABOUT_RETURN_TYPE = YES_ERROR;
				GCC_WARN_UNDECLARED_SELECTOR = YES;
				GCC_WARN_UNINITIALIZED_AUTOS = YES_AGGRESSIVE;
				GCC_WARN_UNUSED_FUNCTION = YES;
				GCC_WARN_UNUSED_VARIABLE = YES;
				IPHONEOS_DEPLOYMENT_TARGET = 10.1;
				MTL_ENABLE_DEBUG_INFO = YES;
				ONLY_ACTIVE_ARCH = YES;
				SDKROOT = iphoneos;
			};
			name = Debug;
		};
		9B0D518C1DF6D94F005C9893 /* Release */ = {
			isa = XCBuildConfiguration;
			buildSettings = {
				ALWAYS_SEARCH_USER_PATHS = NO;
				CLANG_ANALYZER_NONNULL = YES;
				CLANG_CXX_LANGUAGE_STANDARD = "gnu++0x";
				CLANG_CXX_LIBRARY = "libc++";
				CLANG_ENABLE_MODULES = YES;
				CLANG_ENABLE_OBJC_ARC = YES;
				CLANG_WARN_BOOL_CONVERSION = YES;
				CLANG_WARN_CONSTANT_CONVERSION = YES;
				CLANG_WARN_DIRECT_OBJC_ISA_USAGE = YES_ERROR;
				CLANG_WARN_DOCUMENTATION_COMMENTS = YES;
				CLANG_WARN_EMPTY_BODY = YES;
				CLANG_WARN_ENUM_CONVERSION = YES;
				CLANG_WARN_INFINITE_RECURSION = YES;
				CLANG_WARN_INT_CONVERSION = YES;
				CLANG_WARN_OBJC_ROOT_CLASS = YES_ERROR;
				CLANG_WARN_SUSPICIOUS_MOVE = YES;
				CLANG_WARN_SUSPICIOUS_MOVES = YES;
				CLANG_WARN_UNREACHABLE_CODE = YES;
				CLANG_WARN__DUPLICATE_METHOD_MATCH = YES;
				"CODE_SIGN_IDENTITY[sdk=iphoneos*]" = "iPhone Developer";
				COPY_PHASE_STRIP = NO;
				DEBUG_INFORMATION_FORMAT = "dwarf-with-dsym";
				ENABLE_NS_ASSERTIONS = NO;
				ENABLE_STRICT_OBJC_MSGSEND = YES;
				GCC_C_LANGUAGE_STANDARD = gnu99;
				GCC_NO_COMMON_BLOCKS = YES;
				GCC_WARN_64_TO_32_BIT_CONVERSION = YES;
				GCC_WARN_ABOUT_RETURN_TYPE = YES_ERROR;
				GCC_WARN_UNDECLARED_SELECTOR = YES;
				GCC_WARN_UNINITIALIZED_AUTOS = YES_AGGRESSIVE;
				GCC_WARN_UNUSED_FUNCTION = YES;
				GCC_WARN_UNUSED_VARIABLE = YES;
				IPHONEOS_DEPLOYMENT_TARGET = 10.1;
				MTL_ENABLE_DEBUG_INFO = NO;
				SDKROOT = iphoneos;
				VALIDATE_PRODUCT = YES;
			};
			name = Release;
		};
		9B0D518E1DF6D94F005C9893 /* Debug */ = {
			isa = XCBuildConfiguration;
			baseConfigurationReference = 7BD20A37E1E2DE7703C6F07E /* Pods-JKDemo.debug.xcconfig */;
			buildSettings = {
				ASSETCATALOG_COMPILER_APPICON_NAME = AppIcon;
				ASSETCATALOG_COMPILER_LAUNCHIMAGE_NAME = LaunchImage;
				"CODE_SIGN_IDENTITY[sdk=iphoneos*]" = "iPhone Developer";
				DEVELOPMENT_TEAM = JBS4AWYMFX;
				GCC_PREFIX_HEADER = "JKDemo/Other sources/JKDemo-Prefix.pch";
				INFOPLIST_FILE = "$(SRCROOT)/JKDemo/Other sources/Info.plist";
				IPHONEOS_DEPLOYMENT_TARGET = 8.0;
				LD_RUNPATH_SEARCH_PATHS = "$(inherited) @executable_path/Frameworks";
				PRODUCT_BUNDLE_IDENTIFIER = com.tencent.jacky.JKDemo1;
				PRODUCT_NAME = "$(TARGET_NAME)";
				PROVISIONING_PROFILE = "1645b0a3-1ff8-4c14-a9ba-57acd6d77cc5";
				PROVISIONING_PROFILE_SPECIFIER = IMSDK_AllCommon;
			};
			name = Debug;
		};
		9B0D518F1DF6D94F005C9893 /* Release */ = {
			isa = XCBuildConfiguration;
			baseConfigurationReference = 8CD1F4A941E6DA2D10A7AF1D /* Pods-JKDemo.release.xcconfig */;
			buildSettings = {
				ASSETCATALOG_COMPILER_APPICON_NAME = AppIcon;
				ASSETCATALOG_COMPILER_LAUNCHIMAGE_NAME = LaunchImage;
				"CODE_SIGN_IDENTITY[sdk=iphoneos*]" = "iPhone Developer";
				DEVELOPMENT_TEAM = JBS4AWYMFX;
				GCC_PREFIX_HEADER = "JKDemo/Other sources/JKDemo-Prefix.pch";
				INFOPLIST_FILE = "$(SRCROOT)/JKDemo/Other sources/Info.plist";
				IPHONEOS_DEPLOYMENT_TARGET = 8.0;
				LD_RUNPATH_SEARCH_PATHS = "$(inherited) @executable_path/Frameworks";
				PRODUCT_BUNDLE_IDENTIFIER = com.tencent.jacky.JKDemo1;
				PRODUCT_NAME = "$(TARGET_NAME)";
				PROVISIONING_PROFILE = "1645b0a3-1ff8-4c14-a9ba-57acd6d77cc5";
				PROVISIONING_PROFILE_SPECIFIER = IMSDK_AllCommon;
			};
			name = Release;
		};
		9B64595C1E82975400D1ABD7 /* Debug */ = {
			isa = XCBuildConfiguration;
			buildSettings = {
				DEVELOPMENT_TEAM = 24HMXU7MLN;
				INFOPLIST_FILE = JKDemoTests/Info.plist;
				IPHONEOS_DEPLOYMENT_TARGET = 10.2;
				LD_RUNPATH_SEARCH_PATHS = "$(inherited) @executable_path/Frameworks @loader_path/Frameworks";
				PRODUCT_BUNDLE_IDENTIFIER = com.tencent.imsdk.JKDemoTests;
				PRODUCT_NAME = "$(TARGET_NAME)";
				TEST_HOST = "$(BUILT_PRODUCTS_DIR)/JKDemo.app/JKDemo";
			};
			name = Debug;
		};
		9B64595D1E82975400D1ABD7 /* Release */ = {
			isa = XCBuildConfiguration;
			buildSettings = {
				DEVELOPMENT_TEAM = 24HMXU7MLN;
				INFOPLIST_FILE = JKDemoTests/Info.plist;
				IPHONEOS_DEPLOYMENT_TARGET = 10.2;
				LD_RUNPATH_SEARCH_PATHS = "$(inherited) @executable_path/Frameworks @loader_path/Frameworks";
				PRODUCT_BUNDLE_IDENTIFIER = com.tencent.imsdk.JKDemoTests;
				PRODUCT_NAME = "$(TARGET_NAME)";
				TEST_HOST = "$(BUILT_PRODUCTS_DIR)/JKDemo.app/JKDemo";
			};
			name = Release;
		};
		9B73FB511E713EB7003F05FE /* Debug */ = {
			isa = XCBuildConfiguration;
			buildSettings = {
				"CODE_SIGN_IDENTITY[sdk=iphoneos*]" = "iPhone Developer";
				DEVELOPMENT_TEAM = JBS4AWYMFX;
				INFOPLIST_FILE = JKDemoUITests/Info.plist;
				IPHONEOS_DEPLOYMENT_TARGET = 10.2;
				LD_RUNPATH_SEARCH_PATHS = "$(inherited) @executable_path/Frameworks @loader_path/Frameworks";
				PRODUCT_BUNDLE_IDENTIFIER = com.tencent.jacky.JKDemoUITest;
				PRODUCT_NAME = "$(TARGET_NAME)";
				PROVISIONING_PROFILE = "1645b0a3-1ff8-4c14-a9ba-57acd6d77cc5";
				PROVISIONING_PROFILE_SPECIFIER = IMSDK_AllCommon;
				TEST_TARGET_NAME = JKDemo;
			};
			name = Debug;
		};
		9B73FB521E713EB7003F05FE /* Release */ = {
			isa = XCBuildConfiguration;
			buildSettings = {
				"CODE_SIGN_IDENTITY[sdk=iphoneos*]" = "iPhone Developer";
				DEVELOPMENT_TEAM = "";
				INFOPLIST_FILE = JKDemoUITests/Info.plist;
				IPHONEOS_DEPLOYMENT_TARGET = 10.2;
				LD_RUNPATH_SEARCH_PATHS = "$(inherited) @executable_path/Frameworks @loader_path/Frameworks";
				PRODUCT_BUNDLE_IDENTIFIER = com.tencent.jacky.JKDemoUITest;
				PRODUCT_NAME = "$(TARGET_NAME)";
				PROVISIONING_PROFILE = "";
				PROVISIONING_PROFILE_SPECIFIER = "";
				TEST_TARGET_NAME = JKDemo;
			};
			name = Release;
		};
/* End XCBuildConfiguration section */

/* Begin XCConfigurationList section */
		9B0D51661DF6D94E005C9893 /* Build configuration list for PBXProject "JKDemo" */ = {
			isa = XCConfigurationList;
			buildConfigurations = (
				9B0D518B1DF6D94F005C9893 /* Debug */,
				9B0D518C1DF6D94F005C9893 /* Release */,
			);
			defaultConfigurationIsVisible = 0;
			defaultConfigurationName = Release;
		};
		9B0D518D1DF6D94F005C9893 /* Build configuration list for PBXNativeTarget "JKDemo" */ = {
			isa = XCConfigurationList;
			buildConfigurations = (
				9B0D518E1DF6D94F005C9893 /* Debug */,
				9B0D518F1DF6D94F005C9893 /* Release */,
			);
			defaultConfigurationIsVisible = 0;
			defaultConfigurationName = Release;
		};
		9B64595B1E82975400D1ABD7 /* Build configuration list for PBXNativeTarget "JKDemoTests" */ = {
			isa = XCConfigurationList;
			buildConfigurations = (
				9B64595C1E82975400D1ABD7 /* Debug */,
				9B64595D1E82975400D1ABD7 /* Release */,
			);
			defaultConfigurationIsVisible = 0;
			defaultConfigurationName = Release;
		};
		9B73FB501E713EB7003F05FE /* Build configuration list for PBXNativeTarget "JKDemoUITests" */ = {
			isa = XCConfigurationList;
			buildConfigurations = (
				9B73FB511E713EB7003F05FE /* Debug */,
				9B73FB521E713EB7003F05FE /* Release */,
			);
			defaultConfigurationIsVisible = 0;
			defaultConfigurationName = Release;
		};
/* End XCConfigurationList section */
	};
	rootObject = 9B0D51631DF6D94E005C9893 /* Project object */;
}
